// !$*UTF8*$!
{
	archiveVersion = 1;
	classes = {
	};
	objectVersion = 46;
	objects = {

/* Begin PBXBuildFile section */
		8616EB9D1736BEA100F7CFD4 /* QuartzCore.framework in Frameworks */ = {isa = PBXBuildFile; fileRef = 8616EB9C1736BEA100F7CFD4 /* QuartzCore.framework */; };
		86178CEE1728CA8000FF570D /* no_photos.png in Resources */ = {isa = PBXBuildFile; fileRef = 86178CED1728CA8000FF570D /* no_photos.png */; };
		86178CF01728CCEE00FF570D /* iphone-no-places-nearby.png in Resources */ = {isa = PBXBuildFile; fileRef = 86178CEF1728CCEE00FF570D /* iphone-no-places-nearby.png */; };
		86178D0F1729A6CD00FF570D /* PlaceDetails.m in Sources */ = {isa = PBXBuildFile; fileRef = 86178D0E1729A6CC00FF570D /* PlaceDetails.m */; };
		86178D121729AF3600FF570D /* Review.m in Sources */ = {isa = PBXBuildFile; fileRef = 86178D111729AF3600FF570D /* Review.m */; };
		86178D14172B2F6400FF570D /* ResultDetailsViewController.xib in Resources */ = {isa = PBXBuildFile; fileRef = 86178D13172B2F6400FF570D /* ResultDetailsViewController.xib */; };
		86377272173DA8AD0064639D /* MessageViewController.m in Sources */ = {isa = PBXBuildFile; fileRef = 86377270173DA8AD0064639D /* MessageViewController.m */; };
		86377273173DA8AD0064639D /* MessageViewController.xib in Resources */ = {isa = PBXBuildFile; fileRef = 86377271173DA8AD0064639D /* MessageViewController.xib */; };
		86377277173DA8C40064639D /* SearchCell.m in Sources */ = {isa = PBXBuildFile; fileRef = 86377275173DA8C40064639D /* SearchCell.m */; };
		86377278173DA8C40064639D /* SearchCell.xib in Resources */ = {isa = PBXBuildFile; fileRef = 86377276173DA8C40064639D /* SearchCell.xib */; };
		86986989174AAC52004C603D /* ActivityViewController.xib in Resources */ = {isa = PBXBuildFile; fileRef = 86986988174AAC52004C603D /* ActivityViewController.xib */; };
		8698698C174AAC99004C603D /* ActivityViewController.m in Sources */ = {isa = PBXBuildFile; fileRef = 8698698B174AAC99004C603D /* ActivityViewController.m */; };
		86A1F46E1732DFD60032B3A4 /* MapKit.framework in Frameworks */ = {isa = PBXBuildFile; fileRef = 86A1F46D1732DFD60032B3A4 /* MapKit.framework */; };
		86A1F476173346540032B3A4 /* no_author_pic.png in Resources */ = {isa = PBXBuildFile; fileRef = 86A1F475173346540032B3A4 /* no_author_pic.png */; };
		86A1F47817342DF40032B3A4 /* ReviewCell.xib in Resources */ = {isa = PBXBuildFile; fileRef = 86A1F47717342DF40032B3A4 /* ReviewCell.xib */; };
		86A1F47B17342E2A0032B3A4 /* ReviewCell.m in Sources */ = {isa = PBXBuildFile; fileRef = 86A1F47A17342E2A0032B3A4 /* ReviewCell.m */; };
		86AEB500173ED81F009CE69D /* SSCheckBoxView.m in Sources */ = {isa = PBXBuildFile; fileRef = 86AEB4FD173ED81F009CE69D /* SSCheckBoxView.m */; };
		86AEB501173ED81F009CE69D /* UIHelpers.m in Sources */ = {isa = PBXBuildFile; fileRef = 86AEB4FF173ED81F009CE69D /* UIHelpers.m */; };
		86AEB511173ED841009CE69D /* cb_dark_off@2x.png in Resources */ = {isa = PBXBuildFile; fileRef = 86AEB502173ED841009CE69D /* cb_dark_off@2x.png */; };
		86AEB512173ED841009CE69D /* cb_dark_on.png in Resources */ = {isa = PBXBuildFile; fileRef = 86AEB503173ED841009CE69D /* cb_dark_on.png */; };
		86AEB513173ED841009CE69D /* cb_dark_on@2x.png in Resources */ = {isa = PBXBuildFile; fileRef = 86AEB504173ED841009CE69D /* cb_dark_on@2x.png */; };
		86AEB514173ED841009CE69D /* cb_glossy_off.png in Resources */ = {isa = PBXBuildFile; fileRef = 86AEB505173ED841009CE69D /* cb_glossy_off.png */; };
		86AEB515173ED841009CE69D /* cb_glossy_off@2x.png in Resources */ = {isa = PBXBuildFile; fileRef = 86AEB506173ED841009CE69D /* cb_glossy_off@2x.png */; };
		86AEB516173ED841009CE69D /* cb_glossy_on.png in Resources */ = {isa = PBXBuildFile; fileRef = 86AEB507173ED841009CE69D /* cb_glossy_on.png */; };
		86AEB517173ED841009CE69D /* cb_glossy_on@2x.png in Resources */ = {isa = PBXBuildFile; fileRef = 86AEB508173ED841009CE69D /* cb_glossy_on@2x.png */; };
		86AEB518173ED841009CE69D /* cb_green_off.png in Resources */ = {isa = PBXBuildFile; fileRef = 86AEB509173ED841009CE69D /* cb_green_off.png */; };
		86AEB519173ED841009CE69D /* cb_green_off@2x.png in Resources */ = {isa = PBXBuildFile; fileRef = 86AEB50A173ED841009CE69D /* cb_green_off@2x.png */; };
		86AEB51A173ED841009CE69D /* cb_green_on.png in Resources */ = {isa = PBXBuildFile; fileRef = 86AEB50B173ED841009CE69D /* cb_green_on.png */; };
		86AEB51B173ED841009CE69D /* cb_green_on@2x.png in Resources */ = {isa = PBXBuildFile; fileRef = 86AEB50C173ED841009CE69D /* cb_green_on@2x.png */; };
		86AEB51C173ED841009CE69D /* cb_mono_off.png in Resources */ = {isa = PBXBuildFile; fileRef = 86AEB50D173ED841009CE69D /* cb_mono_off.png */; };
		86AEB51D173ED841009CE69D /* cb_mono_off@2x.png in Resources */ = {isa = PBXBuildFile; fileRef = 86AEB50E173ED841009CE69D /* cb_mono_off@2x.png */; };
		86AEB51E173ED841009CE69D /* cb_mono_on.png in Resources */ = {isa = PBXBuildFile; fileRef = 86AEB50F173ED841009CE69D /* cb_mono_on.png */; };
		86AEB51F173ED841009CE69D /* cb_mono_on@2x.png in Resources */ = {isa = PBXBuildFile; fileRef = 86AEB510173ED841009CE69D /* cb_mono_on@2x.png */; };
		86AEB525173EE001009CE69D /* cb_box_off.png in Resources */ = {isa = PBXBuildFile; fileRef = 86AEB520173EE001009CE69D /* cb_box_off.png */; };
		86AEB526173EE001009CE69D /* cb_box_off@2x.png in Resources */ = {isa = PBXBuildFile; fileRef = 86AEB521173EE001009CE69D /* cb_box_off@2x.png */; };
		86AEB527173EE001009CE69D /* cb_box_on.png in Resources */ = {isa = PBXBuildFile; fileRef = 86AEB522173EE001009CE69D /* cb_box_on.png */; };
		86AEB528173EE001009CE69D /* cb_box_on@2x.png in Resources */ = {isa = PBXBuildFile; fileRef = 86AEB523173EE001009CE69D /* cb_box_on@2x.png */; };
		86AEB529173EE001009CE69D /* cb_dark_off.png in Resources */ = {isa = PBXBuildFile; fileRef = 86AEB524173EE001009CE69D /* cb_dark_off.png */; };
		86AEB52B1740915A009CE69D /* SearchPhraseCell.xib in Resources */ = {isa = PBXBuildFile; fileRef = 86AEB52A1740915A009CE69D /* SearchPhraseCell.xib */; };
		86AEB52E17409247009CE69D /* SearchPhraseCell.m in Sources */ = {isa = PBXBuildFile; fileRef = 86AEB52D17409247009CE69D /* SearchPhraseCell.m */; };
		86AF1279172F58DA00A30174 /* star_0_0.png in Resources */ = {isa = PBXBuildFile; fileRef = 86AF126E172F58DA00A30174 /* star_0_0.png */; };
		86AF127A172F58DA00A30174 /* star_0_5.png in Resources */ = {isa = PBXBuildFile; fileRef = 86AF126F172F58DA00A30174 /* star_0_5.png */; };
		86AF127B172F58DA00A30174 /* star_1_0.png in Resources */ = {isa = PBXBuildFile; fileRef = 86AF1270172F58DA00A30174 /* star_1_0.png */; };
		86AF127C172F58DA00A30174 /* star_1_5.png in Resources */ = {isa = PBXBuildFile; fileRef = 86AF1271172F58DA00A30174 /* star_1_5.png */; };
		86AF127D172F58DA00A30174 /* star_2_0.png in Resources */ = {isa = PBXBuildFile; fileRef = 86AF1272172F58DA00A30174 /* star_2_0.png */; };
		86AF127E172F58DA00A30174 /* star_2_5.png in Resources */ = {isa = PBXBuildFile; fileRef = 86AF1273172F58DA00A30174 /* star_2_5.png */; };
		86AF127F172F58DA00A30174 /* star_3_0.png in Resources */ = {isa = PBXBuildFile; fileRef = 86AF1274172F58DA00A30174 /* star_3_0.png */; };
		86AF1280172F58DA00A30174 /* star_3_5.png in Resources */ = {isa = PBXBuildFile; fileRef = 86AF1275172F58DA00A30174 /* star_3_5.png */; };
		86AF1281172F58DA00A30174 /* star_4_0.png in Resources */ = {isa = PBXBuildFile; fileRef = 86AF1276172F58DA00A30174 /* star_4_0.png */; };
		86AF1282172F58DA00A30174 /* star_4_5.png in Resources */ = {isa = PBXBuildFile; fileRef = 86AF1277172F58DA00A30174 /* star_4_5.png */; };
		86AF1283172F58DA00A30174 /* star_5_0.png in Resources */ = {isa = PBXBuildFile; fileRef = 86AF1278172F58DA00A30174 /* star_5_0.png */; };
		86C1814A1724A56B0037389D /* UIKit.framework in Frameworks */ = {isa = PBXBuildFile; fileRef = 86C181491724A56B0037389D /* UIKit.framework */; };
		86C1814C1724A56B0037389D /* Foundation.framework in Frameworks */ = {isa = PBXBuildFile; fileRef = 86C1814B1724A56B0037389D /* Foundation.framework */; };
		86C1814E1724A56B0037389D /* CoreGraphics.framework in Frameworks */ = {isa = PBXBuildFile; fileRef = 86C1814D1724A56B0037389D /* CoreGraphics.framework */; };
		86C181541724A56B0037389D /* InfoPlist.strings in Resources */ = {isa = PBXBuildFile; fileRef = 86C181521724A56B0037389D /* InfoPlist.strings */; };
		86C181561724A56B0037389D /* main.m in Sources */ = {isa = PBXBuildFile; fileRef = 86C181551724A56B0037389D /* main.m */; };
		86C1815A1724A56B0037389D /* AppDelegate.m in Sources */ = {isa = PBXBuildFile; fileRef = 86C181591724A56B0037389D /* AppDelegate.m */; };
		86C1815C1724A56B0037389D /* Default.png in Resources */ = {isa = PBXBuildFile; fileRef = 86C1815B1724A56B0037389D /* Default.png */; };
		86C1815E1724A56B0037389D /* Default@2x.png in Resources */ = {isa = PBXBuildFile; fileRef = 86C1815D1724A56B0037389D /* Default@2x.png */; };
		86C181601724A56B0037389D /* Default-568h@2x.png in Resources */ = {isa = PBXBuildFile; fileRef = 86C1815F1724A56B0037389D /* Default-568h@2x.png */; };
		86C181631724A56B0037389D /* MainStoryboard_iPhone.storyboard in Resources */ = {isa = PBXBuildFile; fileRef = 86C181611724A56B0037389D /* MainStoryboard_iPhone.storyboard */; };
		86C181661724A56B0037389D /* MainStoryboard_iPad.storyboard in Resources */ = {isa = PBXBuildFile; fileRef = 86C181641724A56B0037389D /* MainStoryboard_iPad.storyboard */; };
		86C181711724A83F0037389D /* NearbyListViewController.m in Sources */ = {isa = PBXBuildFile; fileRef = 86C181701724A83F0037389D /* NearbyListViewController.m */; };
		86C1817A1724A8D80037389D /* RecentListViewController.m in Sources */ = {isa = PBXBuildFile; fileRef = 86C181791724A8D80037389D /* RecentListViewController.m */; };
		86C1817D1724ABF10037389D /* ResultDetailsViewController.m in Sources */ = {isa = PBXBuildFile; fileRef = 86C1817C1724ABF10037389D /* ResultDetailsViewController.m */; };
		86C1817F1724ACF40037389D /* ResultCell.xib in Resources */ = {isa = PBXBuildFile; fileRef = 86C1817E1724ACF40037389D /* ResultCell.xib */; };
		86C181821724AEDF0037389D /* Location.m in Sources */ = {isa = PBXBuildFile; fileRef = 86C181811724AEDF0037389D /* Location.m */; };
		86C181851724AEF90037389D /* Place.m in Sources */ = {isa = PBXBuildFile; fileRef = 86C181841724AEF90037389D /* Place.m */; };
		86C1819C1724BBE50037389D /* Utils.m in Sources */ = {isa = PBXBuildFile; fileRef = 86C1819B1724BBE50037389D /* Utils.m */; };
		86C1819E1724CACD0037389D /* CoreLocation.framework in Frameworks */ = {isa = PBXBuildFile; fileRef = 86C1819D1724CACD0037389D /* CoreLocation.framework */; };
		86C181A01724D16A0037389D /* back_button.jpeg in Resources */ = {isa = PBXBuildFile; fileRef = 86C1819F1724D16A0037389D /* back_button.jpeg */; };
		86C181A61724E2920037389D /* back_button_50.png in Resources */ = {isa = PBXBuildFile; fileRef = 86C181A51724E2920037389D /* back_button_50.png */; };
		86C181A81724E9950037389D /* target@2x.png in Resources */ = {isa = PBXBuildFile; fileRef = 86C181A71724E9950037389D /* target@2x.png */; };
		86C181AA1724E9DD0037389D /* target.png in Resources */ = {isa = PBXBuildFile; fileRef = 86C181A91724E9DD0037389D /* target.png */; };
		86C181AC172512F90037389D /* AVFoundation.framework in Frameworks */ = {isa = PBXBuildFile; fileRef = 86C181AB172512F90037389D /* AVFoundation.framework */; };
		86C181AE172514BD0037389D /* AFHTTPClient.m in Sources */ = {isa = PBXBuildFile; fileRef = 86C181881724B21F0037389D /* AFHTTPClient.m */; };
		86C181B0172514BD0037389D /* AFHTTPRequestOperation.m in Sources */ = {isa = PBXBuildFile; fileRef = 86C1818A1724B21F0037389D /* AFHTTPRequestOperation.m */; };
		86C181B2172514BD0037389D /* AFImageRequestOperation.m in Sources */ = {isa = PBXBuildFile; fileRef = 86C1818C1724B21F0037389D /* AFImageRequestOperation.m */; };
		86C181B4172514BD0037389D /* AFJSONRequestOperation.m in Sources */ = {isa = PBXBuildFile; fileRef = 86C1818E1724B21F0037389D /* AFJSONRequestOperation.m */; };
		86C181B6172514BD0037389D /* AFNetworkActivityIndicatorManager.m in Sources */ = {isa = PBXBuildFile; fileRef = 86C181901724B21F0037389D /* AFNetworkActivityIndicatorManager.m */; };
		86C181B9172514BD0037389D /* AFPropertyListRequestOperation.m in Sources */ = {isa = PBXBuildFile; fileRef = 86C181931724B21F0037389D /* AFPropertyListRequestOperation.m */; };
		86C181BB172514BD0037389D /* AFURLConnectionOperation.m in Sources */ = {isa = PBXBuildFile; fileRef = 86C181951724B21F0037389D /* AFURLConnectionOperation.m */; };
		86C181BD172514BD0037389D /* AFXMLRequestOperation.m in Sources */ = {isa = PBXBuildFile; fileRef = 86C181971724B21F0037389D /* AFXMLRequestOperation.m */; };
		86C181BF172514BD0037389D /* UIImageView+AFNetworking.m in Sources */ = {isa = PBXBuildFile; fileRef = 86C181991724B21F0037389D /* UIImageView+AFNetworking.m */; };
		86C181E61725CE770037389D /* ResultCell.m in Sources */ = {isa = PBXBuildFile; fileRef = 86C181E51725CE760037389D /* ResultCell.m */; };
		86C181EA172646A10037389D /* quiet_zone.png in Resources */ = {isa = PBXBuildFile; fileRef = 86C181E9172646A10037389D /* quiet_zone.png */; };
		86DEC92A1736F8490014027D /* UserPreferences.m in Sources */ = {isa = PBXBuildFile; fileRef = 86DEC9291736F8490014027D /* UserPreferences.m */; };
		86DEC93317377FD10014027D /* SearchViewController.m in Sources */ = {isa = PBXBuildFile; fileRef = 86DEC93217377FD00014027D /* SearchViewController.m */; };
		86DEC936173780230014027D /* SoundCaptureViewController.m in Sources */ = {isa = PBXBuildFile; fileRef = 86DEC935173780230014027D /* SoundCaptureViewController.m */; };
		86DEC9381738AF230014027D /* shh_not_available.png in Resources */ = {isa = PBXBuildFile; fileRef = 86DEC9371738AF230014027D /* shh_not_available.png */; };
		86FA090D17414D1A0097C027 /* TopViewController.m in Sources */ = {isa = PBXBuildFile; fileRef = 86FA090C17414D1A0097C027 /* TopViewController.m */; };
		86FA09101741C8BB0097C027 /* OptionsViewController.m in Sources */ = {isa = PBXBuildFile; fileRef = 86FA090F1741C8BB0097C027 /* OptionsViewController.m */; };
		B58D8DBC1739828E00976852 /* RecordCell.xib in Resources */ = {isa = PBXBuildFile; fileRef = B58D8DBB1739828E00976852 /* RecordCell.xib */; };
		B58D8DBF1739829E00976852 /* RecordCell.m in Sources */ = {isa = PBXBuildFile; fileRef = B58D8DBE1739829E00976852 /* RecordCell.m */; };
		B58D8E0E173D645B00976852 /* establishment.png in Resources */ = {isa = PBXBuildFile; fileRef = B58D8E0D173D645B00976852 /* establishment.png */; };
		B58D8E10173D64A600976852 /* bar.png in Resources */ = {isa = PBXBuildFile; fileRef = B58D8E0F173D64A500976852 /* bar.png */; };
		B58D8E12173D64D400976852 /* restaurant.png in Resources */ = {isa = PBXBuildFile; fileRef = B58D8E11173D64D400976852 /* restaurant.png */; };
		B58D8E14173D64DE00976852 /* cafe.png in Resources */ = {isa = PBXBuildFile; fileRef = B58D8E13173D64DE00976852 /* cafe.png */; };
		B58D8E16173D660100976852 /* record.png in Resources */ = {isa = PBXBuildFile; fileRef = B58D8E15173D660000976852 /* record.png */; };
		B58D8E18173D662F00976852 /* zoom_lens.png in Resources */ = {isa = PBXBuildFile; fileRef = B58D8E17173D662E00976852 /* zoom_lens.png */; };
		B58D8E1A173D664A00976852 /* Ambiance_Logo_V1.png in Resources */ = {isa = PBXBuildFile; fileRef = B58D8E19173D664A00976852 /* Ambiance_Logo_V1.png */; };
		B58D8E1C173D667000976852 /* LocationImage.png in Resources */ = {isa = PBXBuildFile; fileRef = B58D8E1B173D666F00976852 /* LocationImage.png */; };
		B58D8E1E173D668700976852 /* Ambiance_Logo.png in Resources */ = {isa = PBXBuildFile; fileRef = B58D8E1D173D668500976852 /* Ambiance_Logo.png */; };
		B5B36FE717415B3A004B7CAE /* libCorePlot-CocoaTouch.a in Frameworks */ = {isa = PBXBuildFile; fileRef = B5B36FE617415B3A004B7CAE /* libCorePlot-CocoaTouch.a */; };
		B5FE7DBD1739752200EDCD9E /* loud_1.png in Resources */ = {isa = PBXBuildFile; fileRef = B5FE7DB31739752100EDCD9E /* loud_1.png */; };
		B5FE7DBE1739752200EDCD9E /* loud_2.png in Resources */ = {isa = PBXBuildFile; fileRef = B5FE7DB41739752100EDCD9E /* loud_2.png */; };
		B5FE7DBF1739752200EDCD9E /* loud_3.png in Resources */ = {isa = PBXBuildFile; fileRef = B5FE7DB51739752100EDCD9E /* loud_3.png */; };
		B5FE7DC01739752200EDCD9E /* loud_4.png in Resources */ = {isa = PBXBuildFile; fileRef = B5FE7DB61739752100EDCD9E /* loud_4.png */; };
		B5FE7DC11739752200EDCD9E /* loud_5.png in Resources */ = {isa = PBXBuildFile; fileRef = B5FE7DB71739752100EDCD9E /* loud_5.png */; };
		B5FE7DC21739752200EDCD9E /* quiet_1.png in Resources */ = {isa = PBXBuildFile; fileRef = B5FE7DB81739752100EDCD9E /* quiet_1.png */; };
		B5FE7DC31739752200EDCD9E /* quiet_2.png in Resources */ = {isa = PBXBuildFile; fileRef = B5FE7DB91739752100EDCD9E /* quiet_2.png */; };
		B5FE7DC41739752200EDCD9E /* quiet_3.png in Resources */ = {isa = PBXBuildFile; fileRef = B5FE7DBA1739752100EDCD9E /* quiet_3.png */; };
		B5FE7DC51739752200EDCD9E /* quiet_4.png in Resources */ = {isa = PBXBuildFile; fileRef = B5FE7DBB1739752200EDCD9E /* quiet_4.png */; };
		B5FE7DC61739752200EDCD9E /* quiet_5.png in Resources */ = {isa = PBXBuildFile; fileRef = B5FE7DBC1739752200EDCD9E /* quiet_5.png */; };
/* End PBXBuildFile section */

/* Begin PBXFileReference section */
		8616EB9C1736BEA100F7CFD4 /* QuartzCore.framework */ = {isa = PBXFileReference; lastKnownFileType = wrapper.framework; name = QuartzCore.framework; path = System/Library/Frameworks/QuartzCore.framework; sourceTree = SDKROOT; };
		86178CED1728CA8000FF570D /* no_photos.png */ = {isa = PBXFileReference; lastKnownFileType = image.png; path = no_photos.png; sourceTree = "<group>"; };
		86178CEF1728CCEE00FF570D /* iphone-no-places-nearby.png */ = {isa = PBXFileReference; lastKnownFileType = image.png; path = "iphone-no-places-nearby.png"; sourceTree = "<group>"; };
		86178D0D1729A6CC00FF570D /* PlaceDetails.h */ = {isa = PBXFileReference; fileEncoding = 4; lastKnownFileType = sourcecode.c.h; path = PlaceDetails.h; sourceTree = "<group>"; };
		86178D0E1729A6CC00FF570D /* PlaceDetails.m */ = {isa = PBXFileReference; fileEncoding = 4; lastKnownFileType = sourcecode.c.objc; path = PlaceDetails.m; sourceTree = "<group>"; };
		86178D101729AF3600FF570D /* Review.h */ = {isa = PBXFileReference; fileEncoding = 4; lastKnownFileType = sourcecode.c.h; path = Review.h; sourceTree = "<group>"; };
		86178D111729AF3600FF570D /* Review.m */ = {isa = PBXFileReference; fileEncoding = 4; lastKnownFileType = sourcecode.c.objc; path = Review.m; sourceTree = "<group>"; };
		86178D13172B2F6400FF570D /* ResultDetailsViewController.xib */ = {isa = PBXFileReference; fileEncoding = 4; lastKnownFileType = file.xib; path = ResultDetailsViewController.xib; sourceTree = "<group>"; };
		8637726F173DA8AD0064639D /* MessageViewController.h */ = {isa = PBXFileReference; fileEncoding = 4; lastKnownFileType = sourcecode.c.h; path = MessageViewController.h; sourceTree = "<group>"; };
		86377270173DA8AD0064639D /* MessageViewController.m */ = {isa = PBXFileReference; fileEncoding = 4; lastKnownFileType = sourcecode.c.objc; path = MessageViewController.m; sourceTree = "<group>"; };
		86377271173DA8AD0064639D /* MessageViewController.xib */ = {isa = PBXFileReference; fileEncoding = 4; lastKnownFileType = file.xib; path = MessageViewController.xib; sourceTree = "<group>"; };
		86377274173DA8C40064639D /* SearchCell.h */ = {isa = PBXFileReference; fileEncoding = 4; lastKnownFileType = sourcecode.c.h; path = SearchCell.h; sourceTree = "<group>"; };
		86377275173DA8C40064639D /* SearchCell.m */ = {isa = PBXFileReference; fileEncoding = 4; lastKnownFileType = sourcecode.c.objc; path = SearchCell.m; sourceTree = "<group>"; };
		86377276173DA8C40064639D /* SearchCell.xib */ = {isa = PBXFileReference; fileEncoding = 4; lastKnownFileType = file.xib; path = SearchCell.xib; sourceTree = "<group>"; };
		86986988174AAC52004C603D /* ActivityViewController.xib */ = {isa = PBXFileReference; fileEncoding = 4; lastKnownFileType = file.xib; path = ActivityViewController.xib; sourceTree = "<group>"; };
		8698698A174AAC98004C603D /* ActivityViewController.h */ = {isa = PBXFileReference; fileEncoding = 4; lastKnownFileType = sourcecode.c.h; path = ActivityViewController.h; sourceTree = "<group>"; };
		8698698B174AAC99004C603D /* ActivityViewController.m */ = {isa = PBXFileReference; fileEncoding = 4; lastKnownFileType = sourcecode.c.objc; path = ActivityViewController.m; sourceTree = "<group>"; };
		86A1F46D1732DFD60032B3A4 /* MapKit.framework */ = {isa = PBXFileReference; lastKnownFileType = wrapper.framework; name = MapKit.framework; path = System/Library/Frameworks/MapKit.framework; sourceTree = SDKROOT; };
		86A1F475173346540032B3A4 /* no_author_pic.png */ = {isa = PBXFileReference; lastKnownFileType = image.png; path = no_author_pic.png; sourceTree = "<group>"; };
		86A1F47717342DF40032B3A4 /* ReviewCell.xib */ = {isa = PBXFileReference; fileEncoding = 4; lastKnownFileType = file.xib; path = ReviewCell.xib; sourceTree = "<group>"; };
		86A1F47917342E2A0032B3A4 /* ReviewCell.h */ = {isa = PBXFileReference; fileEncoding = 4; lastKnownFileType = sourcecode.c.h; path = ReviewCell.h; sourceTree = "<group>"; };
		86A1F47A17342E2A0032B3A4 /* ReviewCell.m */ = {isa = PBXFileReference; fileEncoding = 4; lastKnownFileType = sourcecode.c.objc; path = ReviewCell.m; sourceTree = "<group>"; };
		86AEB4FC173ED81F009CE69D /* SSCheckBoxView.h */ = {isa = PBXFileReference; fileEncoding = 4; lastKnownFileType = sourcecode.c.h; name = SSCheckBoxView.h; path = SSCheckBoxView/SSCheckBoxView.h; sourceTree = "<group>"; };
		86AEB4FD173ED81F009CE69D /* SSCheckBoxView.m */ = {isa = PBXFileReference; fileEncoding = 4; lastKnownFileType = sourcecode.c.objc; name = SSCheckBoxView.m; path = SSCheckBoxView/SSCheckBoxView.m; sourceTree = "<group>"; };
		86AEB4FE173ED81F009CE69D /* UIHelpers.h */ = {isa = PBXFileReference; fileEncoding = 4; lastKnownFileType = sourcecode.c.h; name = UIHelpers.h; path = SSCheckBoxView/UIHelpers.h; sourceTree = "<group>"; };
		86AEB4FF173ED81F009CE69D /* UIHelpers.m */ = {isa = PBXFileReference; fileEncoding = 4; lastKnownFileType = sourcecode.c.objc; name = UIHelpers.m; path = SSCheckBoxView/UIHelpers.m; sourceTree = "<group>"; };
		86AEB502173ED841009CE69D /* cb_dark_off@2x.png */ = {isa = PBXFileReference; lastKnownFileType = image.png; name = "cb_dark_off@2x.png"; path = "SSCheckBoxView/Graphics/cb_dark_off@2x.png"; sourceTree = "<group>"; };
		86AEB503173ED841009CE69D /* cb_dark_on.png */ = {isa = PBXFileReference; lastKnownFileType = image.png; name = cb_dark_on.png; path = SSCheckBoxView/Graphics/cb_dark_on.png; sourceTree = "<group>"; };
		86AEB504173ED841009CE69D /* cb_dark_on@2x.png */ = {isa = PBXFileReference; lastKnownFileType = image.png; name = "cb_dark_on@2x.png"; path = "SSCheckBoxView/Graphics/cb_dark_on@2x.png"; sourceTree = "<group>"; };
		86AEB505173ED841009CE69D /* cb_glossy_off.png */ = {isa = PBXFileReference; lastKnownFileType = image.png; name = cb_glossy_off.png; path = SSCheckBoxView/Graphics/cb_glossy_off.png; sourceTree = "<group>"; };
		86AEB506173ED841009CE69D /* cb_glossy_off@2x.png */ = {isa = PBXFileReference; lastKnownFileType = image.png; name = "cb_glossy_off@2x.png"; path = "SSCheckBoxView/Graphics/cb_glossy_off@2x.png"; sourceTree = "<group>"; };
		86AEB507173ED841009CE69D /* cb_glossy_on.png */ = {isa = PBXFileReference; lastKnownFileType = image.png; name = cb_glossy_on.png; path = SSCheckBoxView/Graphics/cb_glossy_on.png; sourceTree = "<group>"; };
		86AEB508173ED841009CE69D /* cb_glossy_on@2x.png */ = {isa = PBXFileReference; lastKnownFileType = image.png; name = "cb_glossy_on@2x.png"; path = "SSCheckBoxView/Graphics/cb_glossy_on@2x.png"; sourceTree = "<group>"; };
		86AEB509173ED841009CE69D /* cb_green_off.png */ = {isa = PBXFileReference; lastKnownFileType = image.png; name = cb_green_off.png; path = SSCheckBoxView/Graphics/cb_green_off.png; sourceTree = "<group>"; };
		86AEB50A173ED841009CE69D /* cb_green_off@2x.png */ = {isa = PBXFileReference; lastKnownFileType = image.png; name = "cb_green_off@2x.png"; path = "SSCheckBoxView/Graphics/cb_green_off@2x.png"; sourceTree = "<group>"; };
		86AEB50B173ED841009CE69D /* cb_green_on.png */ = {isa = PBXFileReference; lastKnownFileType = image.png; name = cb_green_on.png; path = SSCheckBoxView/Graphics/cb_green_on.png; sourceTree = "<group>"; };
		86AEB50C173ED841009CE69D /* cb_green_on@2x.png */ = {isa = PBXFileReference; lastKnownFileType = image.png; name = "cb_green_on@2x.png"; path = "SSCheckBoxView/Graphics/cb_green_on@2x.png"; sourceTree = "<group>"; };
		86AEB50D173ED841009CE69D /* cb_mono_off.png */ = {isa = PBXFileReference; lastKnownFileType = image.png; name = cb_mono_off.png; path = SSCheckBoxView/Graphics/cb_mono_off.png; sourceTree = "<group>"; };
		86AEB50E173ED841009CE69D /* cb_mono_off@2x.png */ = {isa = PBXFileReference; lastKnownFileType = image.png; name = "cb_mono_off@2x.png"; path = "SSCheckBoxView/Graphics/cb_mono_off@2x.png"; sourceTree = "<group>"; };
		86AEB50F173ED841009CE69D /* cb_mono_on.png */ = {isa = PBXFileReference; lastKnownFileType = image.png; name = cb_mono_on.png; path = SSCheckBoxView/Graphics/cb_mono_on.png; sourceTree = "<group>"; };
		86AEB510173ED841009CE69D /* cb_mono_on@2x.png */ = {isa = PBXFileReference; lastKnownFileType = image.png; name = "cb_mono_on@2x.png"; path = "SSCheckBoxView/Graphics/cb_mono_on@2x.png"; sourceTree = "<group>"; };
		86AEB520173EE001009CE69D /* cb_box_off.png */ = {isa = PBXFileReference; lastKnownFileType = image.png; name = cb_box_off.png; path = SSCheckBoxView/Graphics/cb_box_off.png; sourceTree = "<group>"; };
		86AEB521173EE001009CE69D /* cb_box_off@2x.png */ = {isa = PBXFileReference; lastKnownFileType = image.png; name = "cb_box_off@2x.png"; path = "SSCheckBoxView/Graphics/cb_box_off@2x.png"; sourceTree = "<group>"; };
		86AEB522173EE001009CE69D /* cb_box_on.png */ = {isa = PBXFileReference; lastKnownFileType = image.png; name = cb_box_on.png; path = SSCheckBoxView/Graphics/cb_box_on.png; sourceTree = "<group>"; };
		86AEB523173EE001009CE69D /* cb_box_on@2x.png */ = {isa = PBXFileReference; lastKnownFileType = image.png; name = "cb_box_on@2x.png"; path = "SSCheckBoxView/Graphics/cb_box_on@2x.png"; sourceTree = "<group>"; };
		86AEB524173EE001009CE69D /* cb_dark_off.png */ = {isa = PBXFileReference; lastKnownFileType = image.png; name = cb_dark_off.png; path = SSCheckBoxView/Graphics/cb_dark_off.png; sourceTree = "<group>"; };
		86AEB52A1740915A009CE69D /* SearchPhraseCell.xib */ = {isa = PBXFileReference; fileEncoding = 4; lastKnownFileType = file.xib; path = SearchPhraseCell.xib; sourceTree = "<group>"; };
		86AEB52C17409247009CE69D /* SearchPhraseCell.h */ = {isa = PBXFileReference; fileEncoding = 4; lastKnownFileType = sourcecode.c.h; path = SearchPhraseCell.h; sourceTree = "<group>"; };
		86AEB52D17409247009CE69D /* SearchPhraseCell.m */ = {isa = PBXFileReference; fileEncoding = 4; lastKnownFileType = sourcecode.c.objc; path = SearchPhraseCell.m; sourceTree = "<group>"; };
		86AF126E172F58DA00A30174 /* star_0_0.png */ = {isa = PBXFileReference; lastKnownFileType = image.png; path = star_0_0.png; sourceTree = "<group>"; };
		86AF126F172F58DA00A30174 /* star_0_5.png */ = {isa = PBXFileReference; lastKnownFileType = image.png; path = star_0_5.png; sourceTree = "<group>"; };
		86AF1270172F58DA00A30174 /* star_1_0.png */ = {isa = PBXFileReference; lastKnownFileType = image.png; path = star_1_0.png; sourceTree = "<group>"; };
		86AF1271172F58DA00A30174 /* star_1_5.png */ = {isa = PBXFileReference; lastKnownFileType = image.png; path = star_1_5.png; sourceTree = "<group>"; };
		86AF1272172F58DA00A30174 /* star_2_0.png */ = {isa = PBXFileReference; lastKnownFileType = image.png; path = star_2_0.png; sourceTree = "<group>"; };
		86AF1273172F58DA00A30174 /* star_2_5.png */ = {isa = PBXFileReference; lastKnownFileType = image.png; path = star_2_5.png; sourceTree = "<group>"; };
		86AF1274172F58DA00A30174 /* star_3_0.png */ = {isa = PBXFileReference; lastKnownFileType = image.png; path = star_3_0.png; sourceTree = "<group>"; };
		86AF1275172F58DA00A30174 /* star_3_5.png */ = {isa = PBXFileReference; lastKnownFileType = image.png; path = star_3_5.png; sourceTree = "<group>"; };
		86AF1276172F58DA00A30174 /* star_4_0.png */ = {isa = PBXFileReference; lastKnownFileType = image.png; path = star_4_0.png; sourceTree = "<group>"; };
		86AF1277172F58DA00A30174 /* star_4_5.png */ = {isa = PBXFileReference; lastKnownFileType = image.png; path = star_4_5.png; sourceTree = "<group>"; };
		86AF1278172F58DA00A30174 /* star_5_0.png */ = {isa = PBXFileReference; lastKnownFileType = image.png; path = star_5_0.png; sourceTree = "<group>"; };
		86C181461724A56B0037389D /* QuietAmbiance.app */ = {isa = PBXFileReference; explicitFileType = wrapper.application; includeInIndex = 0; path = QuietAmbiance.app; sourceTree = BUILT_PRODUCTS_DIR; };
		86C181491724A56B0037389D /* UIKit.framework */ = {isa = PBXFileReference; lastKnownFileType = wrapper.framework; name = UIKit.framework; path = System/Library/Frameworks/UIKit.framework; sourceTree = SDKROOT; };
		86C1814B1724A56B0037389D /* Foundation.framework */ = {isa = PBXFileReference; lastKnownFileType = wrapper.framework; name = Foundation.framework; path = System/Library/Frameworks/Foundation.framework; sourceTree = SDKROOT; };
		86C1814D1724A56B0037389D /* CoreGraphics.framework */ = {isa = PBXFileReference; lastKnownFileType = wrapper.framework; name = CoreGraphics.framework; path = System/Library/Frameworks/CoreGraphics.framework; sourceTree = SDKROOT; };
		86C181511724A56B0037389D /* QuietAmbiance-Info.plist */ = {isa = PBXFileReference; lastKnownFileType = text.plist.xml; path = "QuietAmbiance-Info.plist"; sourceTree = "<group>"; };
		86C181531724A56B0037389D /* en */ = {isa = PBXFileReference; lastKnownFileType = text.plist.strings; name = en; path = en.lproj/InfoPlist.strings; sourceTree = "<group>"; };
		86C181551724A56B0037389D /* main.m */ = {isa = PBXFileReference; lastKnownFileType = sourcecode.c.objc; path = main.m; sourceTree = "<group>"; };
		86C181571724A56B0037389D /* QuietAmbiance-Prefix.pch */ = {isa = PBXFileReference; lastKnownFileType = sourcecode.c.h; path = "QuietAmbiance-Prefix.pch"; sourceTree = "<group>"; };
		86C181581724A56B0037389D /* AppDelegate.h */ = {isa = PBXFileReference; lastKnownFileType = sourcecode.c.h; path = AppDelegate.h; sourceTree = "<group>"; };
		86C181591724A56B0037389D /* AppDelegate.m */ = {isa = PBXFileReference; lastKnownFileType = sourcecode.c.objc; path = AppDelegate.m; sourceTree = "<group>"; };
		86C1815B1724A56B0037389D /* Default.png */ = {isa = PBXFileReference; lastKnownFileType = image.png; path = Default.png; sourceTree = "<group>"; };
		86C1815D1724A56B0037389D /* Default@2x.png */ = {isa = PBXFileReference; lastKnownFileType = image.png; path = "Default@2x.png"; sourceTree = "<group>"; };
		86C1815F1724A56B0037389D /* Default-568h@2x.png */ = {isa = PBXFileReference; lastKnownFileType = image.png; path = "Default-568h@2x.png"; sourceTree = "<group>"; };
		86C181621724A56B0037389D /* en */ = {isa = PBXFileReference; lastKnownFileType = file.storyboard; name = en; path = en.lproj/MainStoryboard_iPhone.storyboard; sourceTree = "<group>"; };
		86C181651724A56B0037389D /* en */ = {isa = PBXFileReference; lastKnownFileType = file.storyboard; name = en; path = en.lproj/MainStoryboard_iPad.storyboard; sourceTree = "<group>"; };
		86C1816F1724A83F0037389D /* NearbyListViewController.h */ = {isa = PBXFileReference; fileEncoding = 4; lastKnownFileType = sourcecode.c.h; name = NearbyListViewController.h; path = ../NearbyListViewController.h; sourceTree = "<group>"; };
		86C181701724A83F0037389D /* NearbyListViewController.m */ = {isa = PBXFileReference; fileEncoding = 4; lastKnownFileType = sourcecode.c.objc; name = NearbyListViewController.m; path = ../NearbyListViewController.m; sourceTree = "<group>"; };
		86C181781724A8D80037389D /* RecentListViewController.h */ = {isa = PBXFileReference; fileEncoding = 4; lastKnownFileType = sourcecode.c.h; name = RecentListViewController.h; path = ../RecentListViewController.h; sourceTree = "<group>"; };
		86C181791724A8D80037389D /* RecentListViewController.m */ = {isa = PBXFileReference; fileEncoding = 4; lastKnownFileType = sourcecode.c.objc; name = RecentListViewController.m; path = ../RecentListViewController.m; sourceTree = "<group>"; };
		86C1817B1724ABF10037389D /* ResultDetailsViewController.h */ = {isa = PBXFileReference; fileEncoding = 4; lastKnownFileType = sourcecode.c.h; name = ResultDetailsViewController.h; path = ../ResultDetailsViewController.h; sourceTree = "<group>"; };
		86C1817C1724ABF10037389D /* ResultDetailsViewController.m */ = {isa = PBXFileReference; fileEncoding = 4; lastKnownFileType = sourcecode.c.objc; name = ResultDetailsViewController.m; path = ../ResultDetailsViewController.m; sourceTree = "<group>"; };
		86C1817E1724ACF40037389D /* ResultCell.xib */ = {isa = PBXFileReference; fileEncoding = 4; lastKnownFileType = file.xib; name = ResultCell.xib; path = ../ResultCell.xib; sourceTree = "<group>"; };
		86C181801724AEDF0037389D /* Location.h */ = {isa = PBXFileReference; fileEncoding = 4; lastKnownFileType = sourcecode.c.h; name = Location.h; path = ../Location.h; sourceTree = "<group>"; };
		86C181811724AEDF0037389D /* Location.m */ = {isa = PBXFileReference; fileEncoding = 4; lastKnownFileType = sourcecode.c.objc; name = Location.m; path = ../Location.m; sourceTree = "<group>"; };
		86C181831724AEF90037389D /* Place.h */ = {isa = PBXFileReference; fileEncoding = 4; lastKnownFileType = sourcecode.c.h; name = Place.h; path = ../Place.h; sourceTree = "<group>"; };
		86C181841724AEF90037389D /* Place.m */ = {isa = PBXFileReference; fileEncoding = 4; lastKnownFileType = sourcecode.c.objc; name = Place.m; path = ../Place.m; sourceTree = "<group>"; };
		86C181871724B21F0037389D /* AFHTTPClient.h */ = {isa = PBXFileReference; lastKnownFileType = sourcecode.c.h; path = AFHTTPClient.h; sourceTree = "<group>"; };
		86C181881724B21F0037389D /* AFHTTPClient.m */ = {isa = PBXFileReference; lastKnownFileType = sourcecode.c.objc; path = AFHTTPClient.m; sourceTree = "<group>"; };
		86C181891724B21F0037389D /* AFHTTPRequestOperation.h */ = {isa = PBXFileReference; lastKnownFileType = sourcecode.c.h; path = AFHTTPRequestOperation.h; sourceTree = "<group>"; };
		86C1818A1724B21F0037389D /* AFHTTPRequestOperation.m */ = {isa = PBXFileReference; lastKnownFileType = sourcecode.c.objc; path = AFHTTPRequestOperation.m; sourceTree = "<group>"; };
		86C1818B1724B21F0037389D /* AFImageRequestOperation.h */ = {isa = PBXFileReference; lastKnownFileType = sourcecode.c.h; path = AFImageRequestOperation.h; sourceTree = "<group>"; };
		86C1818C1724B21F0037389D /* AFImageRequestOperation.m */ = {isa = PBXFileReference; lastKnownFileType = sourcecode.c.objc; path = AFImageRequestOperation.m; sourceTree = "<group>"; };
		86C1818D1724B21F0037389D /* AFJSONRequestOperation.h */ = {isa = PBXFileReference; lastKnownFileType = sourcecode.c.h; path = AFJSONRequestOperation.h; sourceTree = "<group>"; };
		86C1818E1724B21F0037389D /* AFJSONRequestOperation.m */ = {isa = PBXFileReference; lastKnownFileType = sourcecode.c.objc; path = AFJSONRequestOperation.m; sourceTree = "<group>"; };
		86C1818F1724B21F0037389D /* AFNetworkActivityIndicatorManager.h */ = {isa = PBXFileReference; lastKnownFileType = sourcecode.c.h; path = AFNetworkActivityIndicatorManager.h; sourceTree = "<group>"; };
		86C181901724B21F0037389D /* AFNetworkActivityIndicatorManager.m */ = {isa = PBXFileReference; lastKnownFileType = sourcecode.c.objc; path = AFNetworkActivityIndicatorManager.m; sourceTree = "<group>"; };
		86C181911724B21F0037389D /* AFNetworking.h */ = {isa = PBXFileReference; lastKnownFileType = sourcecode.c.h; path = AFNetworking.h; sourceTree = "<group>"; };
		86C181921724B21F0037389D /* AFPropertyListRequestOperation.h */ = {isa = PBXFileReference; lastKnownFileType = sourcecode.c.h; path = AFPropertyListRequestOperation.h; sourceTree = "<group>"; };
		86C181931724B21F0037389D /* AFPropertyListRequestOperation.m */ = {isa = PBXFileReference; lastKnownFileType = sourcecode.c.objc; path = AFPropertyListRequestOperation.m; sourceTree = "<group>"; };
		86C181941724B21F0037389D /* AFURLConnectionOperation.h */ = {isa = PBXFileReference; lastKnownFileType = sourcecode.c.h; path = AFURLConnectionOperation.h; sourceTree = "<group>"; };
		86C181951724B21F0037389D /* AFURLConnectionOperation.m */ = {isa = PBXFileReference; lastKnownFileType = sourcecode.c.objc; path = AFURLConnectionOperation.m; sourceTree = "<group>"; };
		86C181961724B21F0037389D /* AFXMLRequestOperation.h */ = {isa = PBXFileReference; lastKnownFileType = sourcecode.c.h; path = AFXMLRequestOperation.h; sourceTree = "<group>"; };
		86C181971724B21F0037389D /* AFXMLRequestOperation.m */ = {isa = PBXFileReference; lastKnownFileType = sourcecode.c.objc; path = AFXMLRequestOperation.m; sourceTree = "<group>"; };
		86C181981724B21F0037389D /* UIImageView+AFNetworking.h */ = {isa = PBXFileReference; lastKnownFileType = sourcecode.c.h; path = "UIImageView+AFNetworking.h"; sourceTree = "<group>"; };
		86C181991724B21F0037389D /* UIImageView+AFNetworking.m */ = {isa = PBXFileReference; lastKnownFileType = sourcecode.c.objc; path = "UIImageView+AFNetworking.m"; sourceTree = "<group>"; };
		86C1819A1724BBE50037389D /* Utils.h */ = {isa = PBXFileReference; fileEncoding = 4; lastKnownFileType = sourcecode.c.h; path = Utils.h; sourceTree = "<group>"; };
		86C1819B1724BBE50037389D /* Utils.m */ = {isa = PBXFileReference; fileEncoding = 4; lastKnownFileType = sourcecode.c.objc; path = Utils.m; sourceTree = "<group>"; };
		86C1819D1724CACD0037389D /* CoreLocation.framework */ = {isa = PBXFileReference; lastKnownFileType = wrapper.framework; name = CoreLocation.framework; path = System/Library/Frameworks/CoreLocation.framework; sourceTree = SDKROOT; };
		86C1819F1724D16A0037389D /* back_button.jpeg */ = {isa = PBXFileReference; lastKnownFileType = image.jpeg; path = back_button.jpeg; sourceTree = "<group>"; };
		86C181A51724E2920037389D /* back_button_50.png */ = {isa = PBXFileReference; lastKnownFileType = image.png; path = back_button_50.png; sourceTree = "<group>"; };
		86C181A71724E9950037389D /* target@2x.png */ = {isa = PBXFileReference; lastKnownFileType = image.png; path = "target@2x.png"; sourceTree = "<group>"; };
		86C181A91724E9DD0037389D /* target.png */ = {isa = PBXFileReference; lastKnownFileType = image.png; path = target.png; sourceTree = "<group>"; };
		86C181AB172512F90037389D /* AVFoundation.framework */ = {isa = PBXFileReference; lastKnownFileType = wrapper.framework; name = AVFoundation.framework; path = System/Library/Frameworks/AVFoundation.framework; sourceTree = SDKROOT; };
		86C181E41725CE760037389D /* ResultCell.h */ = {isa = PBXFileReference; fileEncoding = 4; lastKnownFileType = sourcecode.c.h; path = ResultCell.h; sourceTree = "<group>"; };
		86C181E51725CE760037389D /* ResultCell.m */ = {isa = PBXFileReference; fileEncoding = 4; lastKnownFileType = sourcecode.c.objc; path = ResultCell.m; sourceTree = "<group>"; };
		86C181E9172646A10037389D /* quiet_zone.png */ = {isa = PBXFileReference; lastKnownFileType = image.png; path = quiet_zone.png; sourceTree = "<group>"; };
		86DEC9281736F8490014027D /* UserPreferences.h */ = {isa = PBXFileReference; fileEncoding = 4; lastKnownFileType = sourcecode.c.h; path = UserPreferences.h; sourceTree = "<group>"; };
		86DEC9291736F8490014027D /* UserPreferences.m */ = {isa = PBXFileReference; fileEncoding = 4; lastKnownFileType = sourcecode.c.objc; path = UserPreferences.m; sourceTree = "<group>"; };
		86DEC93117377FD00014027D /* SearchViewController.h */ = {isa = PBXFileReference; fileEncoding = 4; lastKnownFileType = sourcecode.c.h; path = SearchViewController.h; sourceTree = "<group>"; };
		86DEC93217377FD00014027D /* SearchViewController.m */ = {isa = PBXFileReference; fileEncoding = 4; lastKnownFileType = sourcecode.c.objc; path = SearchViewController.m; sourceTree = "<group>"; };
		86DEC934173780230014027D /* SoundCaptureViewController.h */ = {isa = PBXFileReference; fileEncoding = 4; lastKnownFileType = sourcecode.c.h; path = SoundCaptureViewController.h; sourceTree = "<group>"; };
		86DEC935173780230014027D /* SoundCaptureViewController.m */ = {isa = PBXFileReference; fileEncoding = 4; lastKnownFileType = sourcecode.c.objc; path = SoundCaptureViewController.m; sourceTree = "<group>"; };
		86DEC9371738AF230014027D /* shh_not_available.png */ = {isa = PBXFileReference; lastKnownFileType = image.png; path = shh_not_available.png; sourceTree = "<group>"; };
		86FA090B17414D1A0097C027 /* TopViewController.h */ = {isa = PBXFileReference; fileEncoding = 4; lastKnownFileType = sourcecode.c.h; path = TopViewController.h; sourceTree = "<group>"; };
		86FA090C17414D1A0097C027 /* TopViewController.m */ = {isa = PBXFileReference; fileEncoding = 4; lastKnownFileType = sourcecode.c.objc; path = TopViewController.m; sourceTree = "<group>"; };
		86FA090E1741C8BB0097C027 /* OptionsViewController.h */ = {isa = PBXFileReference; fileEncoding = 4; lastKnownFileType = sourcecode.c.h; path = OptionsViewController.h; sourceTree = "<group>"; };
		86FA090F1741C8BB0097C027 /* OptionsViewController.m */ = {isa = PBXFileReference; fileEncoding = 4; lastKnownFileType = sourcecode.c.objc; path = OptionsViewController.m; sourceTree = "<group>"; };
		B58D8DBB1739828E00976852 /* RecordCell.xib */ = {isa = PBXFileReference; fileEncoding = 4; lastKnownFileType = file.xib; path = RecordCell.xib; sourceTree = SOURCE_ROOT; };
		B58D8DBD1739829E00976852 /* RecordCell.h */ = {isa = PBXFileReference; fileEncoding = 4; lastKnownFileType = sourcecode.c.h; path = RecordCell.h; sourceTree = "<group>"; };
		B58D8DBE1739829E00976852 /* RecordCell.m */ = {isa = PBXFileReference; fileEncoding = 4; lastKnownFileType = sourcecode.c.objc; path = RecordCell.m; sourceTree = "<group>"; };
		B58D8E0D173D645B00976852 /* establishment.png */ = {isa = PBXFileReference; lastKnownFileType = image.png; path = establishment.png; sourceTree = "<group>"; };
		B58D8E0F173D64A500976852 /* bar.png */ = {isa = PBXFileReference; lastKnownFileType = image.png; path = bar.png; sourceTree = "<group>"; };
		B58D8E11173D64D400976852 /* restaurant.png */ = {isa = PBXFileReference; lastKnownFileType = image.png; path = restaurant.png; sourceTree = "<group>"; };
		B58D8E13173D64DE00976852 /* cafe.png */ = {isa = PBXFileReference; lastKnownFileType = image.png; path = cafe.png; sourceTree = "<group>"; };
		B58D8E15173D660000976852 /* record.png */ = {isa = PBXFileReference; lastKnownFileType = image.png; path = record.png; sourceTree = "<group>"; };
		B58D8E17173D662E00976852 /* zoom_lens.png */ = {isa = PBXFileReference; lastKnownFileType = image.png; path = zoom_lens.png; sourceTree = "<group>"; };
		B58D8E19173D664A00976852 /* Ambiance_Logo_V1.png */ = {isa = PBXFileReference; lastKnownFileType = image.png; path = Ambiance_Logo_V1.png; sourceTree = "<group>"; };
		B58D8E1B173D666F00976852 /* LocationImage.png */ = {isa = PBXFileReference; lastKnownFileType = image.png; path = LocationImage.png; sourceTree = "<group>"; };
		B58D8E1D173D668500976852 /* Ambiance_Logo.png */ = {isa = PBXFileReference; lastKnownFileType = image.png; path = Ambiance_Logo.png; sourceTree = "<group>"; };
		B5B36F9917415B3A004B7CAE /* CorePlot-CocoaTouch.h */ = {isa = PBXFileReference; fileEncoding = 4; lastKnownFileType = sourcecode.c.h; path = "CorePlot-CocoaTouch.h"; sourceTree = "<group>"; };
		B5B36F9A17415B3A004B7CAE /* CPTAnimation.h */ = {isa = PBXFileReference; fileEncoding = 4; lastKnownFileType = sourcecode.c.h; path = CPTAnimation.h; sourceTree = "<group>"; };
		B5B36F9B17415B3A004B7CAE /* CPTAnimationOperation.h */ = {isa = PBXFileReference; fileEncoding = 4; lastKnownFileType = sourcecode.c.h; path = CPTAnimationOperation.h; sourceTree = "<group>"; };
		B5B36F9C17415B3A004B7CAE /* CPTAnimationPeriod.h */ = {isa = PBXFileReference; fileEncoding = 4; lastKnownFileType = sourcecode.c.h; path = CPTAnimationPeriod.h; sourceTree = "<group>"; };
		B5B36F9D17415B3A004B7CAE /* CPTAnnotation.h */ = {isa = PBXFileReference; fileEncoding = 4; lastKnownFileType = sourcecode.c.h; path = CPTAnnotation.h; sourceTree = "<group>"; };
		B5B36F9E17415B3A004B7CAE /* CPTAnnotationHostLayer.h */ = {isa = PBXFileReference; fileEncoding = 4; lastKnownFileType = sourcecode.c.h; path = CPTAnnotationHostLayer.h; sourceTree = "<group>"; };
		B5B36F9F17415B3A004B7CAE /* CPTAxis.h */ = {isa = PBXFileReference; fileEncoding = 4; lastKnownFileType = sourcecode.c.h; path = CPTAxis.h; sourceTree = "<group>"; };
		B5B36FA017415B3A004B7CAE /* CPTAxisLabel.h */ = {isa = PBXFileReference; fileEncoding = 4; lastKnownFileType = sourcecode.c.h; path = CPTAxisLabel.h; sourceTree = "<group>"; };
		B5B36FA117415B3A004B7CAE /* CPTAxisLabelGroup.h */ = {isa = PBXFileReference; fileEncoding = 4; lastKnownFileType = sourcecode.c.h; path = CPTAxisLabelGroup.h; sourceTree = "<group>"; };
		B5B36FA217415B3A004B7CAE /* CPTAxisSet.h */ = {isa = PBXFileReference; fileEncoding = 4; lastKnownFileType = sourcecode.c.h; path = CPTAxisSet.h; sourceTree = "<group>"; };
		B5B36FA317415B3A004B7CAE /* CPTAxisTitle.h */ = {isa = PBXFileReference; fileEncoding = 4; lastKnownFileType = sourcecode.c.h; path = CPTAxisTitle.h; sourceTree = "<group>"; };
		B5B36FA417415B3A004B7CAE /* CPTBarPlot.h */ = {isa = PBXFileReference; fileEncoding = 4; lastKnownFileType = sourcecode.c.h; path = CPTBarPlot.h; sourceTree = "<group>"; };
		B5B36FA517415B3A004B7CAE /* CPTBorderedLayer.h */ = {isa = PBXFileReference; fileEncoding = 4; lastKnownFileType = sourcecode.c.h; path = CPTBorderedLayer.h; sourceTree = "<group>"; };
		B5B36FA617415B3A004B7CAE /* CPTCalendarFormatter.h */ = {isa = PBXFileReference; fileEncoding = 4; lastKnownFileType = sourcecode.c.h; path = CPTCalendarFormatter.h; sourceTree = "<group>"; };
		B5B36FA717415B3A004B7CAE /* CPTColor.h */ = {isa = PBXFileReference; fileEncoding = 4; lastKnownFileType = sourcecode.c.h; path = CPTColor.h; sourceTree = "<group>"; };
		B5B36FA817415B3A004B7CAE /* CPTColorSpace.h */ = {isa = PBXFileReference; fileEncoding = 4; lastKnownFileType = sourcecode.c.h; path = CPTColorSpace.h; sourceTree = "<group>"; };
		B5B36FA917415B3A004B7CAE /* CPTConstraints.h */ = {isa = PBXFileReference; fileEncoding = 4; lastKnownFileType = sourcecode.c.h; path = CPTConstraints.h; sourceTree = "<group>"; };
		B5B36FAA17415B3A004B7CAE /* CPTDataSourceTestCase.h */ = {isa = PBXFileReference; fileEncoding = 4; lastKnownFileType = sourcecode.c.h; path = CPTDataSourceTestCase.h; sourceTree = "<group>"; };
		B5B36FAB17415B3A004B7CAE /* CPTDefinitions.h */ = {isa = PBXFileReference; fileEncoding = 4; lastKnownFileType = sourcecode.c.h; path = CPTDefinitions.h; sourceTree = "<group>"; };
		B5B36FAC17415B3A004B7CAE /* CPTDerivedXYGraph.h */ = {isa = PBXFileReference; fileEncoding = 4; lastKnownFileType = sourcecode.c.h; path = CPTDerivedXYGraph.h; sourceTree = "<group>"; };
		B5B36FAD17415B3A004B7CAE /* CPTExceptions.h */ = {isa = PBXFileReference; fileEncoding = 4; lastKnownFileType = sourcecode.c.h; path = CPTExceptions.h; sourceTree = "<group>"; };
		B5B36FAE17415B3A004B7CAE /* CPTFill.h */ = {isa = PBXFileReference; fileEncoding = 4; lastKnownFileType = sourcecode.c.h; path = CPTFill.h; sourceTree = "<group>"; };
		B5B36FAF17415B3A004B7CAE /* CPTGradient.h */ = {isa = PBXFileReference; fileEncoding = 4; lastKnownFileType = sourcecode.c.h; path = CPTGradient.h; sourceTree = "<group>"; };
		B5B36FB017415B3A004B7CAE /* CPTGraph.h */ = {isa = PBXFileReference; fileEncoding = 4; lastKnownFileType = sourcecode.c.h; path = CPTGraph.h; sourceTree = "<group>"; };
		B5B36FB117415B3A004B7CAE /* CPTGraphHostingView.h */ = {isa = PBXFileReference; fileEncoding = 4; lastKnownFileType = sourcecode.c.h; path = CPTGraphHostingView.h; sourceTree = "<group>"; };
		B5B36FB217415B3A004B7CAE /* CPTGridLineGroup.h */ = {isa = PBXFileReference; fileEncoding = 4; lastKnownFileType = sourcecode.c.h; path = CPTGridLineGroup.h; sourceTree = "<group>"; };
		B5B36FB317415B3A004B7CAE /* CPTGridLines.h */ = {isa = PBXFileReference; fileEncoding = 4; lastKnownFileType = sourcecode.c.h; path = CPTGridLines.h; sourceTree = "<group>"; };
		B5B36FB417415B3A004B7CAE /* CPTImage.h */ = {isa = PBXFileReference; fileEncoding = 4; lastKnownFileType = sourcecode.c.h; path = CPTImage.h; sourceTree = "<group>"; };
		B5B36FB517415B3A004B7CAE /* CPTLayer.h */ = {isa = PBXFileReference; fileEncoding = 4; lastKnownFileType = sourcecode.c.h; path = CPTLayer.h; sourceTree = "<group>"; };
		B5B36FB617415B3A004B7CAE /* CPTLayerAnnotation.h */ = {isa = PBXFileReference; fileEncoding = 4; lastKnownFileType = sourcecode.c.h; path = CPTLayerAnnotation.h; sourceTree = "<group>"; };
		B5B36FB717415B3A004B7CAE /* CPTLegend.h */ = {isa = PBXFileReference; fileEncoding = 4; lastKnownFileType = sourcecode.c.h; path = CPTLegend.h; sourceTree = "<group>"; };
		B5B36FB817415B3A004B7CAE /* CPTLegendEntry.h */ = {isa = PBXFileReference; fileEncoding = 4; lastKnownFileType = sourcecode.c.h; path = CPTLegendEntry.h; sourceTree = "<group>"; };
		B5B36FB917415B3A004B7CAE /* CPTLimitBand.h */ = {isa = PBXFileReference; fileEncoding = 4; lastKnownFileType = sourcecode.c.h; path = CPTLimitBand.h; sourceTree = "<group>"; };
		B5B36FBA17415B3A004B7CAE /* CPTLineCap.h */ = {isa = PBXFileReference; fileEncoding = 4; lastKnownFileType = sourcecode.c.h; path = CPTLineCap.h; sourceTree = "<group>"; };
		B5B36FBB17415B3A004B7CAE /* CPTLineStyle.h */ = {isa = PBXFileReference; fileEncoding = 4; lastKnownFileType = sourcecode.c.h; path = CPTLineStyle.h; sourceTree = "<group>"; };
		B5B36FBC17415B3A004B7CAE /* CPTMutableLineStyle.h */ = {isa = PBXFileReference; fileEncoding = 4; lastKnownFileType = sourcecode.c.h; path = CPTMutableLineStyle.h; sourceTree = "<group>"; };
		B5B36FBD17415B3A004B7CAE /* CPTMutableNumericData+TypeConversion.h */ = {isa = PBXFileReference; fileEncoding = 4; lastKnownFileType = sourcecode.c.h; path = "CPTMutableNumericData+TypeConversion.h"; sourceTree = "<group>"; };
		B5B36FBE17415B3A004B7CAE /* CPTMutableNumericData.h */ = {isa = PBXFileReference; fileEncoding = 4; lastKnownFileType = sourcecode.c.h; path = CPTMutableNumericData.h; sourceTree = "<group>"; };
		B5B36FBF17415B3A004B7CAE /* CPTMutablePlotRange.h */ = {isa = PBXFileReference; fileEncoding = 4; lastKnownFileType = sourcecode.c.h; path = CPTMutablePlotRange.h; sourceTree = "<group>"; };
		B5B36FC017415B3A004B7CAE /* CPTMutableShadow.h */ = {isa = PBXFileReference; fileEncoding = 4; lastKnownFileType = sourcecode.c.h; path = CPTMutableShadow.h; sourceTree = "<group>"; };
		B5B36FC117415B3A004B7CAE /* CPTMutableTextStyle.h */ = {isa = PBXFileReference; fileEncoding = 4; lastKnownFileType = sourcecode.c.h; path = CPTMutableTextStyle.h; sourceTree = "<group>"; };
		B5B36FC217415B3A004B7CAE /* CPTNumericData+TypeConversion.h */ = {isa = PBXFileReference; fileEncoding = 4; lastKnownFileType = sourcecode.c.h; path = "CPTNumericData+TypeConversion.h"; sourceTree = "<group>"; };
		B5B36FC317415B3A004B7CAE /* CPTNumericData.h */ = {isa = PBXFileReference; fileEncoding = 4; lastKnownFileType = sourcecode.c.h; path = CPTNumericData.h; sourceTree = "<group>"; };
		B5B36FC417415B3A004B7CAE /* CPTNumericDataType.h */ = {isa = PBXFileReference; fileEncoding = 4; lastKnownFileType = sourcecode.c.h; path = CPTNumericDataType.h; sourceTree = "<group>"; };
		B5B36FC517415B3A004B7CAE /* CPTPathExtensions.h */ = {isa = PBXFileReference; fileEncoding = 4; lastKnownFileType = sourcecode.c.h; path = CPTPathExtensions.h; sourceTree = "<group>"; };
		B5B36FC617415B3A004B7CAE /* CPTPieChart.h */ = {isa = PBXFileReference; fileEncoding = 4; lastKnownFileType = sourcecode.c.h; path = CPTPieChart.h; sourceTree = "<group>"; };
		B5B36FC717415B3A004B7CAE /* CPTPlatformSpecificCategories.h */ = {isa = PBXFileReference; fileEncoding = 4; lastKnownFileType = sourcecode.c.h; path = CPTPlatformSpecificCategories.h; sourceTree = "<group>"; };
		B5B36FC817415B3A004B7CAE /* CPTPlatformSpecificDefines.h */ = {isa = PBXFileReference; fileEncoding = 4; lastKnownFileType = sourcecode.c.h; path = CPTPlatformSpecificDefines.h; sourceTree = "<group>"; };
		B5B36FC917415B3A004B7CAE /* CPTPlatformSpecificFunctions.h */ = {isa = PBXFileReference; fileEncoding = 4; lastKnownFileType = sourcecode.c.h; path = CPTPlatformSpecificFunctions.h; sourceTree = "<group>"; };
		B5B36FCA17415B3A004B7CAE /* CPTPlot.h */ = {isa = PBXFileReference; fileEncoding = 4; lastKnownFileType = sourcecode.c.h; path = CPTPlot.h; sourceTree = "<group>"; };
		B5B36FCB17415B3A004B7CAE /* CPTPlotArea.h */ = {isa = PBXFileReference; fileEncoding = 4; lastKnownFileType = sourcecode.c.h; path = CPTPlotArea.h; sourceTree = "<group>"; };
		B5B36FCC17415B3A004B7CAE /* CPTPlotAreaFrame.h */ = {isa = PBXFileReference; fileEncoding = 4; lastKnownFileType = sourcecode.c.h; path = CPTPlotAreaFrame.h; sourceTree = "<group>"; };
		B5B36FCD17415B3A004B7CAE /* CPTPlotGroup.h */ = {isa = PBXFileReference; fileEncoding = 4; lastKnownFileType = sourcecode.c.h; path = CPTPlotGroup.h; sourceTree = "<group>"; };
		B5B36FCE17415B3A004B7CAE /* CPTPlotRange.h */ = {isa = PBXFileReference; fileEncoding = 4; lastKnownFileType = sourcecode.c.h; path = CPTPlotRange.h; sourceTree = "<group>"; };
		B5B36FCF17415B3A004B7CAE /* CPTPlotSpace.h */ = {isa = PBXFileReference; fileEncoding = 4; lastKnownFileType = sourcecode.c.h; path = CPTPlotSpace.h; sourceTree = "<group>"; };
		B5B36FD017415B3A004B7CAE /* CPTPlotSpaceAnnotation.h */ = {isa = PBXFileReference; fileEncoding = 4; lastKnownFileType = sourcecode.c.h; path = CPTPlotSpaceAnnotation.h; sourceTree = "<group>"; };
		B5B36FD117415B3A004B7CAE /* CPTPlotSymbol.h */ = {isa = PBXFileReference; fileEncoding = 4; lastKnownFileType = sourcecode.c.h; path = CPTPlotSymbol.h; sourceTree = "<group>"; };
		B5B36FD217415B3A004B7CAE /* CPTRangePlot.h */ = {isa = PBXFileReference; fileEncoding = 4; lastKnownFileType = sourcecode.c.h; path = CPTRangePlot.h; sourceTree = "<group>"; };
		B5B36FD317415B3A004B7CAE /* CPTResponder.h */ = {isa = PBXFileReference; fileEncoding = 4; lastKnownFileType = sourcecode.c.h; path = CPTResponder.h; sourceTree = "<group>"; };
		B5B36FD417415B3A004B7CAE /* CPTScatterPlot.h */ = {isa = PBXFileReference; fileEncoding = 4; lastKnownFileType = sourcecode.c.h; path = CPTScatterPlot.h; sourceTree = "<group>"; };
		B5B36FD517415B3A004B7CAE /* CPTShadow.h */ = {isa = PBXFileReference; fileEncoding = 4; lastKnownFileType = sourcecode.c.h; path = CPTShadow.h; sourceTree = "<group>"; };
		B5B36FD617415B3A004B7CAE /* CPTTestCase.h */ = {isa = PBXFileReference; fileEncoding = 4; lastKnownFileType = sourcecode.c.h; path = CPTTestCase.h; sourceTree = "<group>"; };
		B5B36FD717415B3A004B7CAE /* CPTTextLayer.h */ = {isa = PBXFileReference; fileEncoding = 4; lastKnownFileType = sourcecode.c.h; path = CPTTextLayer.h; sourceTree = "<group>"; };
		B5B36FD817415B3A004B7CAE /* CPTTextStyle.h */ = {isa = PBXFileReference; fileEncoding = 4; lastKnownFileType = sourcecode.c.h; path = CPTTextStyle.h; sourceTree = "<group>"; };
		B5B36FD917415B3A004B7CAE /* CPTTextStylePlatformSpecific.h */ = {isa = PBXFileReference; fileEncoding = 4; lastKnownFileType = sourcecode.c.h; path = CPTTextStylePlatformSpecific.h; sourceTree = "<group>"; };
		B5B36FDA17415B3A004B7CAE /* CPTTheme.h */ = {isa = PBXFileReference; fileEncoding = 4; lastKnownFileType = sourcecode.c.h; path = CPTTheme.h; sourceTree = "<group>"; };
		B5B36FDB17415B3A004B7CAE /* CPTTimeFormatter.h */ = {isa = PBXFileReference; fileEncoding = 4; lastKnownFileType = sourcecode.c.h; path = CPTTimeFormatter.h; sourceTree = "<group>"; };
		B5B36FDC17415B3A004B7CAE /* CPTTradingRangePlot.h */ = {isa = PBXFileReference; fileEncoding = 4; lastKnownFileType = sourcecode.c.h; path = CPTTradingRangePlot.h; sourceTree = "<group>"; };
		B5B36FDD17415B3A004B7CAE /* CPTUtilities.h */ = {isa = PBXFileReference; fileEncoding = 4; lastKnownFileType = sourcecode.c.h; path = CPTUtilities.h; sourceTree = "<group>"; };
		B5B36FDE17415B3A004B7CAE /* CPTXYAxis.h */ = {isa = PBXFileReference; fileEncoding = 4; lastKnownFileType = sourcecode.c.h; path = CPTXYAxis.h; sourceTree = "<group>"; };
		B5B36FDF17415B3A004B7CAE /* CPTXYAxisSet.h */ = {isa = PBXFileReference; fileEncoding = 4; lastKnownFileType = sourcecode.c.h; path = CPTXYAxisSet.h; sourceTree = "<group>"; };
		B5B36FE017415B3A004B7CAE /* CPTXYGraph.h */ = {isa = PBXFileReference; fileEncoding = 4; lastKnownFileType = sourcecode.c.h; path = CPTXYGraph.h; sourceTree = "<group>"; };
		B5B36FE117415B3A004B7CAE /* CPTXYPlotSpace.h */ = {isa = PBXFileReference; fileEncoding = 4; lastKnownFileType = sourcecode.c.h; path = CPTXYPlotSpace.h; sourceTree = "<group>"; };
		B5B36FE217415B3A004B7CAE /* mainpage.h */ = {isa = PBXFileReference; fileEncoding = 4; lastKnownFileType = sourcecode.c.h; path = mainpage.h; sourceTree = "<group>"; };
		B5B36FE317415B3A004B7CAE /* NSCoderExtensions.h */ = {isa = PBXFileReference; fileEncoding = 4; lastKnownFileType = sourcecode.c.h; path = NSCoderExtensions.h; sourceTree = "<group>"; };
		B5B36FE417415B3A004B7CAE /* NSDecimalNumberExtensions.h */ = {isa = PBXFileReference; fileEncoding = 4; lastKnownFileType = sourcecode.c.h; path = NSDecimalNumberExtensions.h; sourceTree = "<group>"; };
		B5B36FE517415B3A004B7CAE /* NSNumberExtensions.h */ = {isa = PBXFileReference; fileEncoding = 4; lastKnownFileType = sourcecode.c.h; path = NSNumberExtensions.h; sourceTree = "<group>"; };
		B5B36FE617415B3A004B7CAE /* libCorePlot-CocoaTouch.a */ = {isa = PBXFileReference; lastKnownFileType = archive.ar; path = "libCorePlot-CocoaTouch.a"; sourceTree = "<group>"; };
		B5FE7DB31739752100EDCD9E /* loud_1.png */ = {isa = PBXFileReference; lastKnownFileType = image.png; path = loud_1.png; sourceTree = "<group>"; };
		B5FE7DB41739752100EDCD9E /* loud_2.png */ = {isa = PBXFileReference; lastKnownFileType = image.png; path = loud_2.png; sourceTree = "<group>"; };
		B5FE7DB51739752100EDCD9E /* loud_3.png */ = {isa = PBXFileReference; lastKnownFileType = image.png; path = loud_3.png; sourceTree = "<group>"; };
		B5FE7DB61739752100EDCD9E /* loud_4.png */ = {isa = PBXFileReference; lastKnownFileType = image.png; path = loud_4.png; sourceTree = "<group>"; };
		B5FE7DB71739752100EDCD9E /* loud_5.png */ = {isa = PBXFileReference; lastKnownFileType = image.png; path = loud_5.png; sourceTree = "<group>"; };
		B5FE7DB81739752100EDCD9E /* quiet_1.png */ = {isa = PBXFileReference; lastKnownFileType = image.png; path = quiet_1.png; sourceTree = "<group>"; };
		B5FE7DB91739752100EDCD9E /* quiet_2.png */ = {isa = PBXFileReference; lastKnownFileType = image.png; path = quiet_2.png; sourceTree = "<group>"; };
		B5FE7DBA1739752100EDCD9E /* quiet_3.png */ = {isa = PBXFileReference; lastKnownFileType = image.png; path = quiet_3.png; sourceTree = "<group>"; };
		B5FE7DBB1739752200EDCD9E /* quiet_4.png */ = {isa = PBXFileReference; lastKnownFileType = image.png; path = quiet_4.png; sourceTree = "<group>"; };
		B5FE7DBC1739752200EDCD9E /* quiet_5.png */ = {isa = PBXFileReference; lastKnownFileType = image.png; path = quiet_5.png; sourceTree = "<group>"; };
/* End PBXFileReference section */

/* Begin PBXFrameworksBuildPhase section */
		86C181431724A56B0037389D /* Frameworks */ = {
			isa = PBXFrameworksBuildPhase;
			buildActionMask = 2147483647;
			files = (
				8616EB9D1736BEA100F7CFD4 /* QuartzCore.framework in Frameworks */,
				86A1F46E1732DFD60032B3A4 /* MapKit.framework in Frameworks */,
				86C181AC172512F90037389D /* AVFoundation.framework in Frameworks */,
				86C1814A1724A56B0037389D /* UIKit.framework in Frameworks */,
				86C1814C1724A56B0037389D /* Foundation.framework in Frameworks */,
				86C1814E1724A56B0037389D /* CoreGraphics.framework in Frameworks */,
				86C1819E1724CACD0037389D /* CoreLocation.framework in Frameworks */,
				B5B36FE717415B3A004B7CAE /* libCorePlot-CocoaTouch.a in Frameworks */,
			);
			runOnlyForDeploymentPostprocessing = 0;
		};
/* End PBXFrameworksBuildPhase section */

/* Begin PBXGroup section */
		86AEB4F9173ED755009CE69D /* SSCheckBoxView */ = {
			isa = PBXGroup;
			children = (
				86AEB520173EE001009CE69D /* cb_box_off.png */,
				86AEB521173EE001009CE69D /* cb_box_off@2x.png */,
				86AEB522173EE001009CE69D /* cb_box_on.png */,
				86AEB523173EE001009CE69D /* cb_box_on@2x.png */,
				86AEB524173EE001009CE69D /* cb_dark_off.png */,
				86AEB502173ED841009CE69D /* cb_dark_off@2x.png */,
				86AEB503173ED841009CE69D /* cb_dark_on.png */,
				86AEB504173ED841009CE69D /* cb_dark_on@2x.png */,
				86AEB505173ED841009CE69D /* cb_glossy_off.png */,
				86AEB506173ED841009CE69D /* cb_glossy_off@2x.png */,
				86AEB507173ED841009CE69D /* cb_glossy_on.png */,
				86AEB508173ED841009CE69D /* cb_glossy_on@2x.png */,
				86AEB509173ED841009CE69D /* cb_green_off.png */,
				86AEB50A173ED841009CE69D /* cb_green_off@2x.png */,
				86AEB50B173ED841009CE69D /* cb_green_on.png */,
				86AEB50C173ED841009CE69D /* cb_green_on@2x.png */,
				86AEB50D173ED841009CE69D /* cb_mono_off.png */,
				86AEB50E173ED841009CE69D /* cb_mono_off@2x.png */,
				86AEB50F173ED841009CE69D /* cb_mono_on.png */,
				86AEB510173ED841009CE69D /* cb_mono_on@2x.png */,
				86AEB4FC173ED81F009CE69D /* SSCheckBoxView.h */,
				86AEB4FD173ED81F009CE69D /* SSCheckBoxView.m */,
				86AEB4FE173ED81F009CE69D /* UIHelpers.h */,
				86AEB4FF173ED81F009CE69D /* UIHelpers.m */,
			);
			name = SSCheckBoxView;
			sourceTree = "<group>";
		};
		86C1813D1724A56B0037389D = {
			isa = PBXGroup;
			children = (
				B5B36F9717415AFE004B7CAE /* CorePlot */,
				86AEB4F9173ED755009CE69D /* SSCheckBoxView */,
				86C181861724B2060037389D /* AFNetworking */,
				86C1814F1724A56B0037389D /* QuietAmbiance */,
				86C181481724A56B0037389D /* Frameworks */,
				86C181471724A56B0037389D /* Products */,
			);
			sourceTree = "<group>";
		};
		86C181471724A56B0037389D /* Products */ = {
			isa = PBXGroup;
			children = (
				86C181461724A56B0037389D /* QuietAmbiance.app */,
			);
			name = Products;
			sourceTree = "<group>";
		};
		86C181481724A56B0037389D /* Frameworks */ = {
			isa = PBXGroup;
			children = (
				8616EB9C1736BEA100F7CFD4 /* QuartzCore.framework */,
				86A1F46D1732DFD60032B3A4 /* MapKit.framework */,
				86C181AB172512F90037389D /* AVFoundation.framework */,
				86C1819D1724CACD0037389D /* CoreLocation.framework */,
				86C181491724A56B0037389D /* UIKit.framework */,
				86C1814B1724A56B0037389D /* Foundation.framework */,
				86C1814D1724A56B0037389D /* CoreGraphics.framework */,
			);
			name = Frameworks;
			sourceTree = "<group>";
		};
		86C1814F1724A56B0037389D /* QuietAmbiance */ = {
			isa = PBXGroup;
			children = (
				86DEC93117377FD00014027D /* SearchViewController.h */,
				86DEC93217377FD00014027D /* SearchViewController.m */,
				86377276173DA8C40064639D /* SearchCell.xib */,
				86377274173DA8C40064639D /* SearchCell.h */,
				86377275173DA8C40064639D /* SearchCell.m */,
				86AEB52A1740915A009CE69D /* SearchPhraseCell.xib */,
				86AEB52C17409247009CE69D /* SearchPhraseCell.h */,
				86AEB52D17409247009CE69D /* SearchPhraseCell.m */,
				8698698A174AAC98004C603D /* ActivityViewController.h */,
				8698698B174AAC99004C603D /* ActivityViewController.m */,
				86986988174AAC52004C603D /* ActivityViewController.xib */,
				8637726F173DA8AD0064639D /* MessageViewController.h */,
				86377270173DA8AD0064639D /* MessageViewController.m */,
				86377271173DA8AD0064639D /* MessageViewController.xib */,
				86DEC934173780230014027D /* SoundCaptureViewController.h */,
				86DEC935173780230014027D /* SoundCaptureViewController.m */,
				86DEC9281736F8490014027D /* UserPreferences.h */,
				86DEC9291736F8490014027D /* UserPreferences.m */,
				86FA090E1741C8BB0097C027 /* OptionsViewController.h */,
				86FA090F1741C8BB0097C027 /* OptionsViewController.m */,
				86C1819A1724BBE50037389D /* Utils.h */,
				86C1819B1724BBE50037389D /* Utils.m */,
				86C181831724AEF90037389D /* Place.h */,
				86C181841724AEF90037389D /* Place.m */,
				86178D0D1729A6CC00FF570D /* PlaceDetails.h */,
				86178D0E1729A6CC00FF570D /* PlaceDetails.m */,
				86178D101729AF3600FF570D /* Review.h */,
				86178D111729AF3600FF570D /* Review.m */,
				86C181801724AEDF0037389D /* Location.h */,
				86C181811724AEDF0037389D /* Location.m */,
				86A1F47717342DF40032B3A4 /* ReviewCell.xib */,
				86A1F47917342E2A0032B3A4 /* ReviewCell.h */,
				86A1F47A17342E2A0032B3A4 /* ReviewCell.m */,
				86C1817B1724ABF10037389D /* ResultDetailsViewController.h */,
				86C1817C1724ABF10037389D /* ResultDetailsViewController.m */,
				86C181781724A8D80037389D /* RecentListViewController.h */,
				86C181791724A8D80037389D /* RecentListViewController.m */,
				86C1816F1724A83F0037389D /* NearbyListViewController.h */,
				86C181701724A83F0037389D /* NearbyListViewController.m */,
				86C181581724A56B0037389D /* AppDelegate.h */,
				86C181591724A56B0037389D /* AppDelegate.m */,
				B58D8DBD1739829E00976852 /* RecordCell.h */,
				B58D8DBE1739829E00976852 /* RecordCell.m */,
				B58D8DBB1739828E00976852 /* RecordCell.xib */,
				86C181E41725CE760037389D /* ResultCell.h */,
				86C181E51725CE760037389D /* ResultCell.m */,
				86C1817E1724ACF40037389D /* ResultCell.xib */,
				86178D13172B2F6400FF570D /* ResultDetailsViewController.xib */,
				86FA090B17414D1A0097C027 /* TopViewController.h */,
				86FA090C17414D1A0097C027 /* TopViewController.m */,
				86C181611724A56B0037389D /* MainStoryboard_iPhone.storyboard */,
				86C181641724A56B0037389D /* MainStoryboard_iPad.storyboard */,
				86C181501724A56B0037389D /* Supporting Files */,
			);
			path = QuietAmbiance;
			sourceTree = "<group>";
		};
		86C181501724A56B0037389D /* Supporting Files */ = {
			isa = PBXGroup;
			children = (
				B58D8E1D173D668500976852 /* Ambiance_Logo.png */,
				B58D8E1B173D666F00976852 /* LocationImage.png */,
				B58D8E19173D664A00976852 /* Ambiance_Logo_V1.png */,
				B58D8E17173D662E00976852 /* zoom_lens.png */,
				B58D8E15173D660000976852 /* record.png */,
				B58D8E13173D64DE00976852 /* cafe.png */,
				B58D8E11173D64D400976852 /* restaurant.png */,
				B58D8E0F173D64A500976852 /* bar.png */,
				B58D8E0D173D645B00976852 /* establishment.png */,
				B5FE7DB31739752100EDCD9E /* loud_1.png */,
				B5FE7DB41739752100EDCD9E /* loud_2.png */,
				B5FE7DB51739752100EDCD9E /* loud_3.png */,
				B5FE7DB61739752100EDCD9E /* loud_4.png */,
				B5FE7DB71739752100EDCD9E /* loud_5.png */,
				B5FE7DB81739752100EDCD9E /* quiet_1.png */,
				B5FE7DB91739752100EDCD9E /* quiet_2.png */,
				B5FE7DBA1739752100EDCD9E /* quiet_3.png */,
				B5FE7DBB1739752200EDCD9E /* quiet_4.png */,
				B5FE7DBC1739752200EDCD9E /* quiet_5.png */,
				86DEC9371738AF230014027D /* shh_not_available.png */,
				86178CEF1728CCEE00FF570D /* iphone-no-places-nearby.png */,
				86A1F475173346540032B3A4 /* no_author_pic.png */,
				86178CED1728CA8000FF570D /* no_photos.png */,
				86C181E9172646A10037389D /* quiet_zone.png */,
				86AF126E172F58DA00A30174 /* star_0_0.png */,
				86AF126F172F58DA00A30174 /* star_0_5.png */,
				86AF1270172F58DA00A30174 /* star_1_0.png */,
				86AF1271172F58DA00A30174 /* star_1_5.png */,
				86AF1272172F58DA00A30174 /* star_2_0.png */,
				86AF1273172F58DA00A30174 /* star_2_5.png */,
				86AF1274172F58DA00A30174 /* star_3_0.png */,
				86AF1275172F58DA00A30174 /* star_3_5.png */,
				86AF1276172F58DA00A30174 /* star_4_0.png */,
				86AF1277172F58DA00A30174 /* star_4_5.png */,
				86AF1278172F58DA00A30174 /* star_5_0.png */,
				86C1819F1724D16A0037389D /* back_button.jpeg */,
				86C181511724A56B0037389D /* QuietAmbiance-Info.plist */,
				86C181A71724E9950037389D /* target@2x.png */,
				86C181A91724E9DD0037389D /* target.png */,
				86C181521724A56B0037389D /* InfoPlist.strings */,
				86C181551724A56B0037389D /* main.m */,
				86C181571724A56B0037389D /* QuietAmbiance-Prefix.pch */,
				86C1815B1724A56B0037389D /* Default.png */,
				86C181A51724E2920037389D /* back_button_50.png */,
				86C1815D1724A56B0037389D /* Default@2x.png */,
				86C1815F1724A56B0037389D /* Default-568h@2x.png */,
			);
			name = "Supporting Files";
			sourceTree = "<group>";
		};
		86C181861724B2060037389D /* AFNetworking */ = {
			isa = PBXGroup;
			children = (
				86C181871724B21F0037389D /* AFHTTPClient.h */,
				86C181881724B21F0037389D /* AFHTTPClient.m */,
				86C181891724B21F0037389D /* AFHTTPRequestOperation.h */,
				86C1818A1724B21F0037389D /* AFHTTPRequestOperation.m */,
				86C1818B1724B21F0037389D /* AFImageRequestOperation.h */,
				86C1818C1724B21F0037389D /* AFImageRequestOperation.m */,
				86C1818D1724B21F0037389D /* AFJSONRequestOperation.h */,
				86C1818E1724B21F0037389D /* AFJSONRequestOperation.m */,
				86C1818F1724B21F0037389D /* AFNetworkActivityIndicatorManager.h */,
				86C181901724B21F0037389D /* AFNetworkActivityIndicatorManager.m */,
				86C181911724B21F0037389D /* AFNetworking.h */,
				86C181921724B21F0037389D /* AFPropertyListRequestOperation.h */,
				86C181931724B21F0037389D /* AFPropertyListRequestOperation.m */,
				86C181941724B21F0037389D /* AFURLConnectionOperation.h */,
				86C181951724B21F0037389D /* AFURLConnectionOperation.m */,
				86C181961724B21F0037389D /* AFXMLRequestOperation.h */,
				86C181971724B21F0037389D /* AFXMLRequestOperation.m */,
				86C181981724B21F0037389D /* UIImageView+AFNetworking.h */,
				86C181991724B21F0037389D /* UIImageView+AFNetworking.m */,
			);
			name = AFNetworking;
			sourceTree = "<group>";
		};
		B5B36F9717415AFE004B7CAE /* CorePlot */ = {
			isa = PBXGroup;
			children = (
				B5B36F9817415B3A004B7CAE /* CorePlotHeaders */,
				B5B36FE617415B3A004B7CAE /* libCorePlot-CocoaTouch.a */,
			);
			name = CorePlot;
			sourceTree = "<group>";
		};
		B5B36F9817415B3A004B7CAE /* CorePlotHeaders */ = {
			isa = PBXGroup;
			children = (
				B5B36F9917415B3A004B7CAE /* CorePlot-CocoaTouch.h */,
				B5B36F9A17415B3A004B7CAE /* CPTAnimation.h */,
				B5B36F9B17415B3A004B7CAE /* CPTAnimationOperation.h */,
				B5B36F9C17415B3A004B7CAE /* CPTAnimationPeriod.h */,
				B5B36F9D17415B3A004B7CAE /* CPTAnnotation.h */,
				B5B36F9E17415B3A004B7CAE /* CPTAnnotationHostLayer.h */,
				B5B36F9F17415B3A004B7CAE /* CPTAxis.h */,
				B5B36FA017415B3A004B7CAE /* CPTAxisLabel.h */,
				B5B36FA117415B3A004B7CAE /* CPTAxisLabelGroup.h */,
				B5B36FA217415B3A004B7CAE /* CPTAxisSet.h */,
				B5B36FA317415B3A004B7CAE /* CPTAxisTitle.h */,
				B5B36FA417415B3A004B7CAE /* CPTBarPlot.h */,
				B5B36FA517415B3A004B7CAE /* CPTBorderedLayer.h */,
				B5B36FA617415B3A004B7CAE /* CPTCalendarFormatter.h */,
				B5B36FA717415B3A004B7CAE /* CPTColor.h */,
				B5B36FA817415B3A004B7CAE /* CPTColorSpace.h */,
				B5B36FA917415B3A004B7CAE /* CPTConstraints.h */,
				B5B36FAA17415B3A004B7CAE /* CPTDataSourceTestCase.h */,
				B5B36FAB17415B3A004B7CAE /* CPTDefinitions.h */,
				B5B36FAC17415B3A004B7CAE /* CPTDerivedXYGraph.h */,
				B5B36FAD17415B3A004B7CAE /* CPTExceptions.h */,
				B5B36FAE17415B3A004B7CAE /* CPTFill.h */,
				B5B36FAF17415B3A004B7CAE /* CPTGradient.h */,
				B5B36FB017415B3A004B7CAE /* CPTGraph.h */,
				B5B36FB117415B3A004B7CAE /* CPTGraphHostingView.h */,
				B5B36FB217415B3A004B7CAE /* CPTGridLineGroup.h */,
				B5B36FB317415B3A004B7CAE /* CPTGridLines.h */,
				B5B36FB417415B3A004B7CAE /* CPTImage.h */,
				B5B36FB517415B3A004B7CAE /* CPTLayer.h */,
				B5B36FB617415B3A004B7CAE /* CPTLayerAnnotation.h */,
				B5B36FB717415B3A004B7CAE /* CPTLegend.h */,
				B5B36FB817415B3A004B7CAE /* CPTLegendEntry.h */,
				B5B36FB917415B3A004B7CAE /* CPTLimitBand.h */,
				B5B36FBA17415B3A004B7CAE /* CPTLineCap.h */,
				B5B36FBB17415B3A004B7CAE /* CPTLineStyle.h */,
				B5B36FBC17415B3A004B7CAE /* CPTMutableLineStyle.h */,
				B5B36FBD17415B3A004B7CAE /* CPTMutableNumericData+TypeConversion.h */,
				B5B36FBE17415B3A004B7CAE /* CPTMutableNumericData.h */,
				B5B36FBF17415B3A004B7CAE /* CPTMutablePlotRange.h */,
				B5B36FC017415B3A004B7CAE /* CPTMutableShadow.h */,
				B5B36FC117415B3A004B7CAE /* CPTMutableTextStyle.h */,
				B5B36FC217415B3A004B7CAE /* CPTNumericData+TypeConversion.h */,
				B5B36FC317415B3A004B7CAE /* CPTNumericData.h */,
				B5B36FC417415B3A004B7CAE /* CPTNumericDataType.h */,
				B5B36FC517415B3A004B7CAE /* CPTPathExtensions.h */,
				B5B36FC617415B3A004B7CAE /* CPTPieChart.h */,
				B5B36FC717415B3A004B7CAE /* CPTPlatformSpecificCategories.h */,
				B5B36FC817415B3A004B7CAE /* CPTPlatformSpecificDefines.h */,
				B5B36FC917415B3A004B7CAE /* CPTPlatformSpecificFunctions.h */,
				B5B36FCA17415B3A004B7CAE /* CPTPlot.h */,
				B5B36FCB17415B3A004B7CAE /* CPTPlotArea.h */,
				B5B36FCC17415B3A004B7CAE /* CPTPlotAreaFrame.h */,
				B5B36FCD17415B3A004B7CAE /* CPTPlotGroup.h */,
				B5B36FCE17415B3A004B7CAE /* CPTPlotRange.h */,
				B5B36FCF17415B3A004B7CAE /* CPTPlotSpace.h */,
				B5B36FD017415B3A004B7CAE /* CPTPlotSpaceAnnotation.h */,
				B5B36FD117415B3A004B7CAE /* CPTPlotSymbol.h */,
				B5B36FD217415B3A004B7CAE /* CPTRangePlot.h */,
				B5B36FD317415B3A004B7CAE /* CPTResponder.h */,
				B5B36FD417415B3A004B7CAE /* CPTScatterPlot.h */,
				B5B36FD517415B3A004B7CAE /* CPTShadow.h */,
				B5B36FD617415B3A004B7CAE /* CPTTestCase.h */,
				B5B36FD717415B3A004B7CAE /* CPTTextLayer.h */,
				B5B36FD817415B3A004B7CAE /* CPTTextStyle.h */,
				B5B36FD917415B3A004B7CAE /* CPTTextStylePlatformSpecific.h */,
				B5B36FDA17415B3A004B7CAE /* CPTTheme.h */,
				B5B36FDB17415B3A004B7CAE /* CPTTimeFormatter.h */,
				B5B36FDC17415B3A004B7CAE /* CPTTradingRangePlot.h */,
				B5B36FDD17415B3A004B7CAE /* CPTUtilities.h */,
				B5B36FDE17415B3A004B7CAE /* CPTXYAxis.h */,
				B5B36FDF17415B3A004B7CAE /* CPTXYAxisSet.h */,
				B5B36FE017415B3A004B7CAE /* CPTXYGraph.h */,
				B5B36FE117415B3A004B7CAE /* CPTXYPlotSpace.h */,
				B5B36FE217415B3A004B7CAE /* mainpage.h */,
				B5B36FE317415B3A004B7CAE /* NSCoderExtensions.h */,
				B5B36FE417415B3A004B7CAE /* NSDecimalNumberExtensions.h */,
				B5B36FE517415B3A004B7CAE /* NSNumberExtensions.h */,
			);
			path = CorePlotHeaders;
			sourceTree = "<group>";
		};
/* End PBXGroup section */

/* Begin PBXNativeTarget section */
		86C181451724A56B0037389D /* QuietAmbiance */ = {
			isa = PBXNativeTarget;
			buildConfigurationList = 86C1816C1724A56B0037389D /* Build configuration list for PBXNativeTarget "QuietAmbiance" */;
			buildPhases = (
				86C181421724A56B0037389D /* Sources */,
				86C181431724A56B0037389D /* Frameworks */,
				86C181441724A56B0037389D /* Resources */,
			);
			buildRules = (
			);
			dependencies = (
			);
			name = QuietAmbiance;
			productName = QuietAmbiance;
			productReference = 86C181461724A56B0037389D /* QuietAmbiance.app */;
			productType = "com.apple.product-type.application";
		};
/* End PBXNativeTarget section */

/* Begin PBXProject section */
		86C1813E1724A56B0037389D /* Project object */ = {
			isa = PBXProject;
			attributes = {
				LastUpgradeCheck = 0460;
				ORGANIZATIONNAME = "Misha Gavronsky";
			};
			buildConfigurationList = 86C181411724A56B0037389D /* Build configuration list for PBXProject "QuietAmbiance" */;
			compatibilityVersion = "Xcode 3.2";
			developmentRegion = English;
			hasScannedForEncodings = 0;
			knownRegions = (
				en,
			);
			mainGroup = 86C1813D1724A56B0037389D;
			productRefGroup = 86C181471724A56B0037389D /* Products */;
			projectDirPath = "";
			projectRoot = "";
			targets = (
				86C181451724A56B0037389D /* QuietAmbiance */,
			);
		};
/* End PBXProject section */

/* Begin PBXResourcesBuildPhase section */
		86C181441724A56B0037389D /* Resources */ = {
			isa = PBXResourcesBuildPhase;
			buildActionMask = 2147483647;
			files = (
				86C181541724A56B0037389D /* InfoPlist.strings in Resources */,
				86C1815C1724A56B0037389D /* Default.png in Resources */,
				86C1815E1724A56B0037389D /* Default@2x.png in Resources */,
				86C181601724A56B0037389D /* Default-568h@2x.png in Resources */,
				86C181631724A56B0037389D /* MainStoryboard_iPhone.storyboard in Resources */,
				86C181661724A56B0037389D /* MainStoryboard_iPad.storyboard in Resources */,
				86C1817F1724ACF40037389D /* ResultCell.xib in Resources */,
				86C181A01724D16A0037389D /* back_button.jpeg in Resources */,
				86C181A61724E2920037389D /* back_button_50.png in Resources */,
				86C181A81724E9950037389D /* target@2x.png in Resources */,
				86C181AA1724E9DD0037389D /* target.png in Resources */,
				86C181EA172646A10037389D /* quiet_zone.png in Resources */,
				86178CEE1728CA8000FF570D /* no_photos.png in Resources */,
				86178CF01728CCEE00FF570D /* iphone-no-places-nearby.png in Resources */,
				86178D14172B2F6400FF570D /* ResultDetailsViewController.xib in Resources */,
				86AF1279172F58DA00A30174 /* star_0_0.png in Resources */,
				86AF127A172F58DA00A30174 /* star_0_5.png in Resources */,
				86AF127B172F58DA00A30174 /* star_1_0.png in Resources */,
				86AF127C172F58DA00A30174 /* star_1_5.png in Resources */,
				86AF127D172F58DA00A30174 /* star_2_0.png in Resources */,
				86AF127E172F58DA00A30174 /* star_2_5.png in Resources */,
				86AF127F172F58DA00A30174 /* star_3_0.png in Resources */,
				86AF1280172F58DA00A30174 /* star_3_5.png in Resources */,
				86AF1281172F58DA00A30174 /* star_4_0.png in Resources */,
				86AF1282172F58DA00A30174 /* star_4_5.png in Resources */,
				86AF1283172F58DA00A30174 /* star_5_0.png in Resources */,
				86A1F476173346540032B3A4 /* no_author_pic.png in Resources */,
				86A1F47817342DF40032B3A4 /* ReviewCell.xib in Resources */,
				86DEC9381738AF230014027D /* shh_not_available.png in Resources */,
				B5FE7DBD1739752200EDCD9E /* loud_1.png in Resources */,
				B5FE7DBE1739752200EDCD9E /* loud_2.png in Resources */,
				B5FE7DBF1739752200EDCD9E /* loud_3.png in Resources */,
				B5FE7DC01739752200EDCD9E /* loud_4.png in Resources */,
				B5FE7DC11739752200EDCD9E /* loud_5.png in Resources */,
				B5FE7DC21739752200EDCD9E /* quiet_1.png in Resources */,
				B5FE7DC31739752200EDCD9E /* quiet_2.png in Resources */,
				B5FE7DC41739752200EDCD9E /* quiet_3.png in Resources */,
				B5FE7DC51739752200EDCD9E /* quiet_4.png in Resources */,
				B5FE7DC61739752200EDCD9E /* quiet_5.png in Resources */,
				B58D8DBC1739828E00976852 /* RecordCell.xib in Resources */,
				B58D8E0E173D645B00976852 /* establishment.png in Resources */,
				B58D8E10173D64A600976852 /* bar.png in Resources */,
				B58D8E12173D64D400976852 /* restaurant.png in Resources */,
				B58D8E14173D64DE00976852 /* cafe.png in Resources */,
				B58D8E16173D660100976852 /* record.png in Resources */,
				B58D8E18173D662F00976852 /* zoom_lens.png in Resources */,
				B58D8E1A173D664A00976852 /* Ambiance_Logo_V1.png in Resources */,
				B58D8E1C173D667000976852 /* LocationImage.png in Resources */,
				B58D8E1E173D668700976852 /* Ambiance_Logo.png in Resources */,
				86377273173DA8AD0064639D /* MessageViewController.xib in Resources */,
				86377278173DA8C40064639D /* SearchCell.xib in Resources */,
				86AEB511173ED841009CE69D /* cb_dark_off@2x.png in Resources */,
				86AEB512173ED841009CE69D /* cb_dark_on.png in Resources */,
				86AEB513173ED841009CE69D /* cb_dark_on@2x.png in Resources */,
				86AEB514173ED841009CE69D /* cb_glossy_off.png in Resources */,
				86AEB515173ED841009CE69D /* cb_glossy_off@2x.png in Resources */,
				86AEB516173ED841009CE69D /* cb_glossy_on.png in Resources */,
				86AEB517173ED841009CE69D /* cb_glossy_on@2x.png in Resources */,
				86AEB518173ED841009CE69D /* cb_green_off.png in Resources */,
				86AEB519173ED841009CE69D /* cb_green_off@2x.png in Resources */,
				86AEB51A173ED841009CE69D /* cb_green_on.png in Resources */,
				86AEB51B173ED841009CE69D /* cb_green_on@2x.png in Resources */,
				86AEB51C173ED841009CE69D /* cb_mono_off.png in Resources */,
				86AEB51D173ED841009CE69D /* cb_mono_off@2x.png in Resources */,
				86AEB51E173ED841009CE69D /* cb_mono_on.png in Resources */,
				86AEB51F173ED841009CE69D /* cb_mono_on@2x.png in Resources */,
				86AEB525173EE001009CE69D /* cb_box_off.png in Resources */,
				86AEB526173EE001009CE69D /* cb_box_off@2x.png in Resources */,
				86AEB527173EE001009CE69D /* cb_box_on.png in Resources */,
				86AEB528173EE001009CE69D /* cb_box_on@2x.png in Resources */,
				86AEB529173EE001009CE69D /* cb_dark_off.png in Resources */,
				86AEB52B1740915A009CE69D /* SearchPhraseCell.xib in Resources */,
				86986989174AAC52004C603D /* ActivityViewController.xib in Resources */,
			);
			runOnlyForDeploymentPostprocessing = 0;
		};
/* End PBXResourcesBuildPhase section */

/* Begin PBXSourcesBuildPhase section */
		86C181421724A56B0037389D /* Sources */ = {
			isa = PBXSourcesBuildPhase;
			buildActionMask = 2147483647;
			files = (
				86C181AE172514BD0037389D /* AFHTTPClient.m in Sources */,
				86C181B0172514BD0037389D /* AFHTTPRequestOperation.m in Sources */,
				86C181B2172514BD0037389D /* AFImageRequestOperation.m in Sources */,
				86C181B4172514BD0037389D /* AFJSONRequestOperation.m in Sources */,
				86C181B6172514BD0037389D /* AFNetworkActivityIndicatorManager.m in Sources */,
				86C181B9172514BD0037389D /* AFPropertyListRequestOperation.m in Sources */,
				86C181BB172514BD0037389D /* AFURLConnectionOperation.m in Sources */,
				86C181BD172514BD0037389D /* AFXMLRequestOperation.m in Sources */,
				86C181BF172514BD0037389D /* UIImageView+AFNetworking.m in Sources */,
				86C181561724A56B0037389D /* main.m in Sources */,
				86C1815A1724A56B0037389D /* AppDelegate.m in Sources */,
				86C181711724A83F0037389D /* NearbyListViewController.m in Sources */,
				86C1817A1724A8D80037389D /* RecentListViewController.m in Sources */,
				86C1817D1724ABF10037389D /* ResultDetailsViewController.m in Sources */,
				86C181821724AEDF0037389D /* Location.m in Sources */,
				86C181851724AEF90037389D /* Place.m in Sources */,
				86C1819C1724BBE50037389D /* Utils.m in Sources */,
				86C181E61725CE770037389D /* ResultCell.m in Sources */,
				86178D0F1729A6CD00FF570D /* PlaceDetails.m in Sources */,
				86178D121729AF3600FF570D /* Review.m in Sources */,
				86A1F47B17342E2A0032B3A4 /* ReviewCell.m in Sources */,
				86DEC92A1736F8490014027D /* UserPreferences.m in Sources */,
				86DEC93317377FD10014027D /* SearchViewController.m in Sources */,
				86DEC936173780230014027D /* SoundCaptureViewController.m in Sources */,
				B58D8DBF1739829E00976852 /* RecordCell.m in Sources */,
				86377272173DA8AD0064639D /* MessageViewController.m in Sources */,
				86377277173DA8C40064639D /* SearchCell.m in Sources */,
				86AEB500173ED81F009CE69D /* SSCheckBoxView.m in Sources */,
				86AEB501173ED81F009CE69D /* UIHelpers.m in Sources */,
				86AEB52E17409247009CE69D /* SearchPhraseCell.m in Sources */,
				86FA090D17414D1A0097C027 /* TopViewController.m in Sources */,
				86FA09101741C8BB0097C027 /* OptionsViewController.m in Sources */,
				8698698C174AAC99004C603D /* ActivityViewController.m in Sources */,
			);
			runOnlyForDeploymentPostprocessing = 0;
		};
/* End PBXSourcesBuildPhase section */

/* Begin PBXVariantGroup section */
		86C181521724A56B0037389D /* InfoPlist.strings */ = {
			isa = PBXVariantGroup;
			children = (
				86C181531724A56B0037389D /* en */,
			);
			name = InfoPlist.strings;
			sourceTree = "<group>";
		};
		86C181611724A56B0037389D /* MainStoryboard_iPhone.storyboard */ = {
			isa = PBXVariantGroup;
			children = (
				86C181621724A56B0037389D /* en */,
			);
			name = MainStoryboard_iPhone.storyboard;
			sourceTree = "<group>";
		};
		86C181641724A56B0037389D /* MainStoryboard_iPad.storyboard */ = {
			isa = PBXVariantGroup;
			children = (
				86C181651724A56B0037389D /* en */,
			);
			name = MainStoryboard_iPad.storyboard;
			sourceTree = "<group>";
		};
/* End PBXVariantGroup section */

/* Begin XCBuildConfiguration section */
		86C1816A1724A56B0037389D /* Debug */ = {
			isa = XCBuildConfiguration;
			buildSettings = {
				ALWAYS_SEARCH_USER_PATHS = NO;
				CLANG_CXX_LANGUAGE_STANDARD = "gnu++0x";
				CLANG_CXX_LIBRARY = "libc++";
				CLANG_ENABLE_OBJC_ARC = YES;
				CLANG_WARN_CONSTANT_CONVERSION = YES;
				CLANG_WARN_EMPTY_BODY = YES;
				CLANG_WARN_ENUM_CONVERSION = YES;
				CLANG_WARN_INT_CONVERSION = YES;
				CLANG_WARN__DUPLICATE_METHOD_MATCH = YES;
				"CODE_SIGN_IDENTITY[sdk=iphoneos*]" = "iPhone Developer";
				COPY_PHASE_STRIP = NO;
				GCC_C_LANGUAGE_STANDARD = gnu99;
				GCC_DYNAMIC_NO_PIC = NO;
				GCC_OPTIMIZATION_LEVEL = 0;
				GCC_PREPROCESSOR_DEFINITIONS = (
					"DEBUG=1",
					"$(inherited)",
				);
				GCC_SYMBOLS_PRIVATE_EXTERN = NO;
				GCC_WARN_ABOUT_RETURN_TYPE = YES;
				GCC_WARN_UNINITIALIZED_AUTOS = YES;
				GCC_WARN_UNUSED_VARIABLE = YES;
				IPHONEOS_DEPLOYMENT_TARGET = 6.0;
				ONLY_ACTIVE_ARCH = YES;
				SDKROOT = iphoneos;
				TARGETED_DEVICE_FAMILY = "1,2";
			};
			name = Debug;
		};
		86C1816B1724A56B0037389D /* Release */ = {
			isa = XCBuildConfiguration;
			buildSettings = {
				ALWAYS_SEARCH_USER_PATHS = NO;
				CLANG_CXX_LANGUAGE_STANDARD = "gnu++0x";
				CLANG_CXX_LIBRARY = "libc++";
				CLANG_ENABLE_OBJC_ARC = YES;
				CLANG_WARN_CONSTANT_CONVERSION = YES;
				CLANG_WARN_EMPTY_BODY = YES;
				CLANG_WARN_ENUM_CONVERSION = YES;
				CLANG_WARN_INT_CONVERSION = YES;
				CLANG_WARN__DUPLICATE_METHOD_MATCH = YES;
				"CODE_SIGN_IDENTITY[sdk=iphoneos*]" = "iPhone Developer";
				COPY_PHASE_STRIP = YES;
				GCC_C_LANGUAGE_STANDARD = gnu99;
				GCC_WARN_ABOUT_RETURN_TYPE = YES;
				GCC_WARN_UNINITIALIZED_AUTOS = YES;
				GCC_WARN_UNUSED_VARIABLE = YES;
				IPHONEOS_DEPLOYMENT_TARGET = 6.0;
				OTHER_CFLAGS = "-DNS_BLOCK_ASSERTIONS=1";
				SDKROOT = iphoneos;
				TARGETED_DEVICE_FAMILY = "1,2";
				VALIDATE_PRODUCT = YES;
			};
			name = Release;
		};
		86C1816D1724A56B0037389D /* Debug */ = {
			isa = XCBuildConfiguration;
			buildSettings = {
				CODE_SIGN_IDENTITY = "iPhone Developer";
				"CODE_SIGN_IDENTITY[sdk=iphoneos*]" = "iPhone Developer";
				GCC_PRECOMPILE_PREFIX_HEADER = YES;
				GCC_PREFIX_HEADER = "QuietAmbiance/QuietAmbiance-Prefix.pch";
				INFOPLIST_FILE = "QuietAmbiance/QuietAmbiance-Info.plist";
				IPHONEOS_DEPLOYMENT_TARGET = 6.0;
				LIBRARY_SEARCH_PATHS = (
					"$(inherited)",
					"\"$(SRCROOT)\"",
				);
				OTHER_LDFLAGS = "-ObjC";
				PRODUCT_NAME = "$(TARGET_NAME)";
				PROVISIONING_PROFILE = "";
				"PROVISIONING_PROFILE[sdk=iphoneos*]" = "";
				SDKROOT = iphoneos;
				TARGETED_DEVICE_FAMILY = 1;
				WRAPPER_EXTENSION = app;
			};
			name = Debug;
		};
		86C1816E1724A56B0037389D /* Release */ = {
			isa = XCBuildConfiguration;
			buildSettings = {
				GCC_PRECOMPILE_PREFIX_HEADER = YES;
				GCC_PREFIX_HEADER = "QuietAmbiance/QuietAmbiance-Prefix.pch";
				INFOPLIST_FILE = "QuietAmbiance/QuietAmbiance-Info.plist";
				IPHONEOS_DEPLOYMENT_TARGET = 6.0;
				LIBRARY_SEARCH_PATHS = (
					"$(inherited)",
					"\"$(SRCROOT)\"",
				);
				OTHER_LDFLAGS = "-ObjC";
				PRODUCT_NAME = "$(TARGET_NAME)";
				SDKROOT = iphoneos;
				TARGETED_DEVICE_FAMILY = 1;
				WRAPPER_EXTENSION = app;
			};
			name = Release;
		};
/* End XCBuildConfiguration section */

/* Begin XCConfigurationList section */
		86C181411724A56B0037389D /* Build configuration list for PBXProject "QuietAmbiance" */ = {
			isa = XCConfigurationList;
			buildConfigurations = (
				86C1816A1724A56B0037389D /* Debug */,
				86C1816B1724A56B0037389D /* Release */,
			);
			defaultConfigurationIsVisible = 0;
			defaultConfigurationName = Release;
		};
		86C1816C1724A56B0037389D /* Build configuration list for PBXNativeTarget "QuietAmbiance" */ = {
			isa = XCConfigurationList;
			buildConfigurations = (
				86C1816D1724A56B0037389D /* Debug */,
				86C1816E1724A56B0037389D /* Release */,
			);
			defaultConfigurationIsVisible = 0;
			defaultConfigurationName = Release;
		};
/* End XCConfigurationList section */
	};
	rootObject = 86C1813E1724A56B0037389D /* Project object */;
}
